// !$*UTF8*$!
{
	archiveVersion = 1;
	classes = {
	};
	objectVersion = 46;
	objects = {

/* Begin PBXBuildFile section */
		274CE78E19C3D70E00AF90AE /* OnboardingContentViewController.swift in Sources */ = {isa = PBXBuildFile; fileRef = 274CE78D19C3D70E00AF90AE /* OnboardingContentViewController.swift */; };
		274CE79019C3D72500AF90AE /* OnboardingViewController.swift in Sources */ = {isa = PBXBuildFile; fileRef = 274CE78F19C3D72500AF90AE /* OnboardingViewController.swift */; };
		2778ED4619C292BD00FF402D /* AppDelegate.swift in Sources */ = {isa = PBXBuildFile; fileRef = 2778ED4519C292BD00FF402D /* AppDelegate.swift */; };
		2778ED4D19C292BD00FF402D /* Images.xcassets in Resources */ = {isa = PBXBuildFile; fileRef = 2778ED4C19C292BD00FF402D /* Images.xcassets */; };
		2778ED5C19C292BD00FF402D /* OnboardSwiftTests.swift in Sources */ = {isa = PBXBuildFile; fileRef = 2778ED5B19C292BD00FF402D /* OnboardSwiftTests.swift */; };
		27D7ED0D19C3CCDE00A8438B /* blue.png in Resources */ = {isa = PBXBuildFile; fileRef = 27D7ED0A19C3CCDE00A8438B /* blue.png */; };
		27D7ED0E19C3CCDE00A8438B /* red.png in Resources */ = {isa = PBXBuildFile; fileRef = 27D7ED0B19C3CCDE00A8438B /* red.png */; };
		27D7ED0F19C3CCDE00A8438B /* yellow.png in Resources */ = {isa = PBXBuildFile; fileRef = 27D7ED0C19C3CCDE00A8438B /* yellow.png */; };
		27D7ED1119C3CD5200A8438B /* street.png in Resources */ = {isa = PBXBuildFile; fileRef = 27D7ED1019C3CD5200A8438B /* street.png */; };
		27D7ED1419C3D24600A8438B /* Default-568h@2x.png in Resources */ = {isa = PBXBuildFile; fileRef = 27D7ED1319C3D24600A8438B /* Default-568h@2x.png */; };
/* End PBXBuildFile section */

/* Begin PBXContainerItemProxy section */
		2778ED5619C292BD00FF402D /* PBXContainerItemProxy */ = {
			isa = PBXContainerItemProxy;
			containerPortal = 2778ED3819C292BD00FF402D /* Project object */;
			proxyType = 1;
			remoteGlobalIDString = 2778ED3F19C292BD00FF402D;
			remoteInfo = OnboardSwift;
		};
/* End PBXContainerItemProxy section */

/* Begin PBXFileReference section */
		274CE78D19C3D70E00AF90AE /* OnboardingContentViewController.swift */ = {isa = PBXFileReference; fileEncoding = 4; lastKnownFileType = sourcecode.swift; path = OnboardingContentViewController.swift; sourceTree = "<group>"; };
		274CE78F19C3D72500AF90AE /* OnboardingViewController.swift */ = {isa = PBXFileReference; fileEncoding = 4; lastKnownFileType = sourcecode.swift; path = OnboardingViewController.swift; sourceTree = "<group>"; };
		2778ED4019C292BD00FF402D /* OnboardSwift.app */ = {isa = PBXFileReference; explicitFileType = wrapper.application; includeInIndex = 0; path = OnboardSwift.app; sourceTree = BUILT_PRODUCTS_DIR; };
		2778ED4419C292BD00FF402D /* Info.plist */ = {isa = PBXFileReference; lastKnownFileType = text.plist.xml; path = Info.plist; sourceTree = "<group>"; };
		2778ED4519C292BD00FF402D /* AppDelegate.swift */ = {isa = PBXFileReference; lastKnownFileType = sourcecode.swift; path = AppDelegate.swift; sourceTree = "<group>"; };
		2778ED4C19C292BD00FF402D /* Images.xcassets */ = {isa = PBXFileReference; lastKnownFileType = folder.assetcatalog; path = Images.xcassets; sourceTree = "<group>"; };
		2778ED5519C292BD00FF402D /* OnboardSwiftTests.xctest */ = {isa = PBXFileReference; explicitFileType = wrapper.cfbundle; includeInIndex = 0; path = OnboardSwiftTests.xctest; sourceTree = BUILT_PRODUCTS_DIR; };
		2778ED5A19C292BD00FF402D /* Info.plist */ = {isa = PBXFileReference; lastKnownFileType = text.plist.xml; path = Info.plist; sourceTree = "<group>"; };
		2778ED5B19C292BD00FF402D /* OnboardSwiftTests.swift */ = {isa = PBXFileReference; lastKnownFileType = sourcecode.swift; path = OnboardSwiftTests.swift; sourceTree = "<group>"; };
		27D7ED0A19C3CCDE00A8438B /* blue.png */ = {isa = PBXFileReference; lastKnownFileType = image.png; path = blue.png; sourceTree = "<group>"; };
		27D7ED0B19C3CCDE00A8438B /* red.png */ = {isa = PBXFileReference; lastKnownFileType = image.png; path = red.png; sourceTree = "<group>"; };
		27D7ED0C19C3CCDE00A8438B /* yellow.png */ = {isa = PBXFileReference; lastKnownFileType = image.png; path = yellow.png; sourceTree = "<group>"; };
		27D7ED1019C3CD5200A8438B /* street.png */ = {isa = PBXFileReference; lastKnownFileType = image.png; path = street.png; sourceTree = "<group>"; };
		27D7ED1319C3D24600A8438B /* Default-568h@2x.png */ = {isa = PBXFileReference; lastKnownFileType = image.png; name = "Default-568h@2x.png"; path = "../Default-568h@2x.png"; sourceTree = "<group>"; };
/* End PBXFileReference section */

/* Begin PBXFrameworksBuildPhase section */
		2778ED3D19C292BD00FF402D /* Frameworks */ = {
			isa = PBXFrameworksBuildPhase;
			buildActionMask = 2147483647;
			files = (
			);
			runOnlyForDeploymentPostprocessing = 0;
		};
		2778ED5219C292BD00FF402D /* Frameworks */ = {
			isa = PBXFrameworksBuildPhase;
			buildActionMask = 2147483647;
			files = (
			);
			runOnlyForDeploymentPostprocessing = 0;
		};
/* End PBXFrameworksBuildPhase section */

/* Begin PBXGroup section */
		2778ED3719C292BD00FF402D = {
			isa = PBXGroup;
			children = (
				2778ED4219C292BD00FF402D /* OnboardSwift */,
				2778ED5819C292BD00FF402D /* OnboardSwiftTests */,
				2778ED4119C292BD00FF402D /* Products */,
			);
			sourceTree = "<group>";
		};
		2778ED4119C292BD00FF402D /* Products */ = {
			isa = PBXGroup;
			children = (
				2778ED4019C292BD00FF402D /* OnboardSwift.app */,
				2778ED5519C292BD00FF402D /* OnboardSwiftTests.xctest */,
			);
			name = Products;
			sourceTree = "<group>";
		};
		2778ED4219C292BD00FF402D /* OnboardSwift */ = {
			isa = PBXGroup;
			children = (
				2778ED4519C292BD00FF402D /* AppDelegate.swift */,
				274CE78F19C3D72500AF90AE /* OnboardingViewController.swift */,
				274CE78D19C3D70E00AF90AE /* OnboardingContentViewController.swift */,
				27D7ED1219C3D21F00A8438B /* Images */,
				2778ED4319C292BD00FF402D /* Supporting Files */,
			);
			path = OnboardSwift;
			sourceTree = "<group>";
		};
		2778ED4319C292BD00FF402D /* Supporting Files */ = {
			isa = PBXGroup;
			children = (
				2778ED4419C292BD00FF402D /* Info.plist */,
			);
			name = "Supporting Files";
			sourceTree = "<group>";
		};
		2778ED5819C292BD00FF402D /* OnboardSwiftTests */ = {
			isa = PBXGroup;
			children = (
				2778ED5B19C292BD00FF402D /* OnboardSwiftTests.swift */,
				2778ED5919C292BD00FF402D /* Supporting Files */,
			);
			path = OnboardSwiftTests;
			sourceTree = "<group>";
		};
		2778ED5919C292BD00FF402D /* Supporting Files */ = {
			isa = PBXGroup;
			children = (
				2778ED5A19C292BD00FF402D /* Info.plist */,
			);
			name = "Supporting Files";
			sourceTree = "<group>";
		};
		27D7ED1219C3D21F00A8438B /* Images */ = {
			isa = PBXGroup;
			children = (
				27D7ED1319C3D24600A8438B /* Default-568h@2x.png */,
				2778ED4C19C292BD00FF402D /* Images.xcassets */,
				27D7ED1019C3CD5200A8438B /* street.png */,
				27D7ED0A19C3CCDE00A8438B /* blue.png */,
				27D7ED0B19C3CCDE00A8438B /* red.png */,
				27D7ED0C19C3CCDE00A8438B /* yellow.png */,
			);
			name = Images;
			sourceTree = "<group>";
		};
/* End PBXGroup section */

/* Begin PBXNativeTarget section */
		2778ED3F19C292BD00FF402D /* OnboardSwift */ = {
			isa = PBXNativeTarget;
			buildConfigurationList = 2778ED5F19C292BD00FF402D /* Build configuration list for PBXNativeTarget "OnboardSwift" */;
			buildPhases = (
				2778ED3C19C292BD00FF402D /* Sources */,
				2778ED3D19C292BD00FF402D /* Frameworks */,
				2778ED3E19C292BD00FF402D /* Resources */,
			);
			buildRules = (
			);
			dependencies = (
			);
			name = OnboardSwift;
			productName = OnboardSwift;
			productReference = 2778ED4019C292BD00FF402D /* OnboardSwift.app */;
			productType = "com.apple.product-type.application";
		};
		2778ED5419C292BD00FF402D /* OnboardSwiftTests */ = {
			isa = PBXNativeTarget;
			buildConfigurationList = 2778ED6219C292BD00FF402D /* Build configuration list for PBXNativeTarget "OnboardSwiftTests" */;
			buildPhases = (
				2778ED5119C292BD00FF402D /* Sources */,
				2778ED5219C292BD00FF402D /* Frameworks */,
				2778ED5319C292BD00FF402D /* Resources */,
			);
			buildRules = (
			);
			dependencies = (
				2778ED5719C292BD00FF402D /* PBXTargetDependency */,
			);
			name = OnboardSwiftTests;
			productName = OnboardSwiftTests;
			productReference = 2778ED5519C292BD00FF402D /* OnboardSwiftTests.xctest */;
			productType = "com.apple.product-type.bundle.unit-test";
		};
/* End PBXNativeTarget section */

/* Begin PBXProject section */
		2778ED3819C292BD00FF402D /* Project object */ = {
			isa = PBXProject;
			attributes = {
				LastUpgradeCheck = 0600;
				ORGANIZATIONNAME = "Mike Amaral";
				TargetAttributes = {
					2778ED3F19C292BD00FF402D = {
						CreatedOnToolsVersion = 6.0;
					};
					2778ED5419C292BD00FF402D = {
						CreatedOnToolsVersion = 6.0;
						TestTargetID = 2778ED3F19C292BD00FF402D;
					};
				};
			};
			buildConfigurationList = 2778ED3B19C292BD00FF402D /* Build configuration list for PBXProject "OnboardSwift" */;
			compatibilityVersion = "Xcode 3.2";
			developmentRegion = English;
			hasScannedForEncodings = 0;
			knownRegions = (
				en,
				Base,
			);
			mainGroup = 2778ED3719C292BD00FF402D;
			productRefGroup = 2778ED4119C292BD00FF402D /* Products */;
			projectDirPath = "";
			projectRoot = "";
			targets = (
				2778ED3F19C292BD00FF402D /* OnboardSwift */,
				2778ED5419C292BD00FF402D /* OnboardSwiftTests */,
			);
		};
/* End PBXProject section */

/* Begin PBXResourcesBuildPhase section */
		2778ED3E19C292BD00FF402D /* Resources */ = {
			isa = PBXResourcesBuildPhase;
			buildActionMask = 2147483647;
			files = (
				27D7ED0D19C3CCDE00A8438B /* blue.png in Resources */,
				27D7ED0E19C3CCDE00A8438B /* red.png in Resources */,
				2778ED4D19C292BD00FF402D /* Images.xcassets in Resources */,
				27D7ED1119C3CD5200A8438B /* street.png in Resources */,
				27D7ED0F19C3CCDE00A8438B /* yellow.png in Resources */,
				27D7ED1419C3D24600A8438B /* Default-568h@2x.png in Resources */,
			);
			runOnlyForDeploymentPostprocessing = 0;
		};
		2778ED5319C292BD00FF402D /* Resources */ = {
			isa = PBXResourcesBuildPhase;
			buildActionMask = 2147483647;
			files = (
			);
			runOnlyForDeploymentPostprocessing = 0;
		};
/* End PBXResourcesBuildPhase section */

/* Begin PBXSourcesBuildPhase section */
		2778ED3C19C292BD00FF402D /* Sources */ = {
			isa = PBXSourcesBuildPhase;
			buildActionMask = 2147483647;
			files = (
				2778ED4619C292BD00FF402D /* AppDelegate.swift in Sources */,
				274CE79019C3D72500AF90AE /* OnboardingViewController.swift in Sources */,
				274CE78E19C3D70E00AF90AE /* OnboardingContentViewController.swift in Sources */,
			);
			runOnlyForDeploymentPostprocessing = 0;
		};
		2778ED5119C292BD00FF402D /* Sources */ = {
			isa = PBXSourcesBuildPhase;
			buildActionMask = 2147483647;
			files = (
				2778ED5C19C292BD00FF402D /* OnboardSwiftTests.swift in Sources */,
			);
			runOnlyForDeploymentPostprocessing = 0;
		};
/* End PBXSourcesBuildPhase section */

/* Begin PBXTargetDependency section */
		2778ED5719C292BD00FF402D /* PBXTargetDependency */ = {
			isa = PBXTargetDependency;
			target = 2778ED3F19C292BD00FF402D /* OnboardSwift */;
			targetProxy = 2778ED5619C292BD00FF402D /* PBXContainerItemProxy */;
		};
/* End PBXTargetDependency section */

/* Begin XCBuildConfiguration section */
		2778ED5D19C292BD00FF402D /* Debug */ = {
			isa = XCBuildConfiguration;
			buildSettings = {
				ALWAYS_SEARCH_USER_PATHS = NO;
				CLANG_CXX_LANGUAGE_STANDARD = "gnu++0x";
				CLANG_CXX_LIBRARY = "libc++";
				CLANG_ENABLE_MODULES = YES;
				CLANG_ENABLE_OBJC_ARC = YES;
				CLANG_WARN_BOOL_CONVERSION = YES;
				CLANG_WARN_CONSTANT_CONVERSION = YES;
				CLANG_WARN_DIRECT_OBJC_ISA_USAGE = YES_ERROR;
				CLANG_WARN_EMPTY_BODY = YES;
				CLANG_WARN_ENUM_CONVERSION = YES;
				CLANG_WARN_INT_CONVERSION = YES;
				CLANG_WARN_OBJC_ROOT_CLASS = YES_ERROR;
				CLANG_WARN_UNREACHABLE_CODE = YES;
				CLANG_WARN__DUPLICATE_METHOD_MATCH = YES;
				"CODE_SIGN_IDENTITY[sdk=iphoneos*]" = "iPhone Developer";
				COPY_PHASE_STRIP = NO;
				ENABLE_STRICT_OBJC_MSGSEND = YES;
				GCC_C_LANGUAGE_STANDARD = gnu99;
				GCC_DYNAMIC_NO_PIC = NO;
				GCC_OPTIMIZATION_LEVEL = 0;
				GCC_PREPROCESSOR_DEFINITIONS = (
					"DEBUG=1",
					"$(inherited)",
				);
				GCC_SYMBOLS_PRIVATE_EXTERN = NO;
				GCC_WARN_64_TO_32_BIT_CONVERSION = YES;
				GCC_WARN_ABOUT_RETURN_TYPE = YES_ERROR;
				GCC_WARN_UNDECLARED_SELECTOR = YES;
				GCC_WARN_UNINITIALIZED_AUTOS = YES_AGGRESSIVE;
				GCC_WARN_UNUSED_FUNCTION = YES;
				GCC_WARN_UNUSED_VARIABLE = YES;
				IPHONEOS_DEPLOYMENT_TARGET = 8.0;
				MTL_ENABLE_DEBUG_INFO = YES;
				ONLY_ACTIVE_ARCH = YES;
				SDKROOT = iphoneos;
				SWIFT_OPTIMIZATION_LEVEL = "-Onone";
				TARGETED_DEVICE_FAMILY = "1,2";
			};
			name = Debug;
		};
		2778ED5E19C292BD00FF402D /* Release */ = {
			isa = XCBuildConfiguration;
			buildSettings = {
				ALWAYS_SEARCH_USER_PATHS = NO;
				CLANG_CXX_LANGUAGE_STANDARD = "gnu++0x";
				CLANG_CXX_LIBRARY = "libc++";
				CLANG_ENABLE_MODULES = YES;
				CLANG_ENABLE_OBJC_ARC = YES;
				CLANG_WARN_BOOL_CONVERSION = YES;
				CLANG_WARN_CONSTANT_CONVERSION = YES;
				CLANG_WARN_DIRECT_OBJC_ISA_USAGE = YES_ERROR;
				CLANG_WARN_EMPTY_BODY = YES;
				CLANG_WARN_ENUM_CONVERSION = YES;
				CLANG_WARN_INT_CONVERSION = YES;
				CLANG_WARN_OBJC_ROOT_CLASS = YES_ERROR;
				CLANG_WARN_UNREACHABLE_CODE = YES;
				CLANG_WARN__DUPLICATE_METHOD_MATCH = YES;
				"CODE_SIGN_IDENTITY[sdk=iphoneos*]" = "iPhone Developer";
				COPY_PHASE_STRIP = YES;
				ENABLE_NS_ASSERTIONS = NO;
				ENABLE_STRICT_OBJC_MSGSEND = YES;
				GCC_C_LANGUAGE_STANDARD = gnu99;
				GCC_WARN_64_TO_32_BIT_CONVERSION = YES;
				GCC_WARN_ABOUT_RETURN_TYPE = YES_ERROR;
				GCC_WARN_UNDECLARED_SELECTOR = YES;
				GCC_WARN_UNINITIALIZED_AUTOS = YES_AGGRESSIVE;
				GCC_WARN_UNUSED_FUNCTION = YES;
				GCC_WARN_UNUSED_VARIABLE = YES;
				IPHONEOS_DEPLOYMENT_TARGET = 8.0;
				MTL_ENABLE_DEBUG_INFO = NO;
				SDKROOT = iphoneos;
				TARGETED_DEVICE_FAMILY = "1,2";
				VALIDATE_PRODUCT = YES;
			};
			name = Release;
		};
		2778ED6019C292BD00FF402D /* Debug */ = {
			isa = XCBuildConfiguration;
			buildSettings = {
				ASSETCATALOG_COMPILER_APPICON_NAME = AppIcon;
				INFOPLIST_FILE = OnboardSwift/Info.plist;
				LD_RUNPATH_SEARCH_PATHS = "$(inherited) @executable_path/Frameworks";
				PRODUCT_NAME = "$(TARGET_NAME)";
			};
			name = Debug;
		};
		2778ED6119C292BD00FF402D /* Release */ = {
			isa = XCBuildConfiguration;
			buildSettings = {
				ASSETCATALOG_COMPILER_APPICON_NAME = AppIcon;
				INFOPLIST_FILE = OnboardSwift/Info.plist;
				LD_RUNPATH_SEARCH_PATHS = "$(inherited) @executable_path/Frameworks";
				PRODUCT_NAME = "$(TARGET_NAME)";
			};
			name = Release;
		};
		2778ED6319C292BD00FF402D /* Debug */ = {
			isa = XCBuildConfiguration;
			buildSettings = {
				BUNDLE_LOADER = "$(TEST_HOST)";
				FRAMEWORK_SEARCH_PATHS = (
					"$(SDKROOT)/Developer/Library/Frameworks",
					"$(inherited)",
				);
				GCC_PREPROCESSOR_DEFINITIONS = (
					"DEBUG=1",
					"$(inherited)",
				);
				INFOPLIST_FILE = OnboardSwiftTests/Info.plist;
				LD_RUNPATH_SEARCH_PATHS = "$(inherited) @executable_path/Frameworks @loader_path/Frameworks";
				PRODUCT_NAME = "$(TARGET_NAME)";
				TEST_HOST = "$(BUILT_PRODUCTS_DIR)/OnboardSwift.app/OnboardSwift";
			};
			name = Debug;
		};
		2778ED6419C292BD00FF402D /* Release */ = {
			isa = XCBuildConfiguration;
			buildSettings = {
				BUNDLE_LOADER = "$(TEST_HOST)";
				FRAMEWORK_SEARCH_PATHS = (
					"$(SDKROOT)/Developer/Library/Frameworks",
					"$(inherited)",
				);
				INFOPLIST_FILE = OnboardSwiftTests/Info.plist;
				LD_RUNPATH_SEARCH_PATHS = "$(inherited) @executable_path/Frameworks @loader_path/Frameworks";
				PRODUCT_NAME = "$(TARGET_NAME)";
				TEST_HOST = "$(BUILT_PRODUCTS_DIR)/OnboardSwift.app/OnboardSwift";
			};
			name = Release;
		};
/* End XCBuildConfiguration section */

/* Begin XCConfigurationList section */
		2778ED3B19C292BD00FF402D /* Build configuration list for PBXProject "OnboardSwift" */ = {
			isa = XCConfigurationList;
			buildConfigurations = (
				2778ED5D19C292BD00FF402D /* Debug */,
				2778ED5E19C292BD00FF402D /* Release */,
			);
			defaultConfigurationIsVisible = 0;
			defaultConfigurationName = Release;
		};
		2778ED5F19C292BD00FF402D /* Build configuration list for PBXNativeTarget "OnboardSwift" */ = {
			isa = XCConfigurationList;
			buildConfigurations = (
				2778ED6019C292BD00FF402D /* Debug */,
				2778ED6119C292BD00FF402D /* Release */,
			);
			defaultConfigurationIsVisible = 0;
			defaultConfigurationName = Release;
		};
		2778ED6219C292BD00FF402D /* Build configuration list for PBXNativeTarget "OnboardSwiftTests" */ = {
			isa = XCConfigurationList;
			buildConfigurations = (
				2778ED6319C292BD00FF402D /* Debug */,
				2778ED6419C292BD00FF402D /* Release */,
			);
			defaultConfigurationIsVisible = 0;
			defaultConfigurationName = Release;
		};
/* End XCConfigurationList section */
	};
	rootObject = 2778ED3819C292BD00FF402D /* Project object */;
}
