// !$*UTF8*$!
{
	archiveVersion = 1;
	classes = {
	};
	objectVersion = 46;
	objects = {

/* Begin PBXBuildFile section */
		0F0321581CA3AD81007FD86A /* Default-568h@2x.png in Resources */ = {isa = PBXBuildFile; fileRef = 0F0321571CA3AD81007FD86A /* Default-568h@2x.png */; };
		27009CFF1A05991300CFA5B5 /* sun.mp4 in Resources */ = {isa = PBXBuildFile; fileRef = 27009CFE1A05991300CFA5B5 /* sun.mp4 */; };
		27009D011A059F6B00CFA5B5 /* sf-outer-limits.upright.ttf in Resources */ = {isa = PBXBuildFile; fileRef = 27009D001A059F6B00CFA5B5 /* sf-outer-limits.upright.ttf */; };
		27009D031A05A09E00CFA5B5 /* nasalization rg.ttf in Resources */ = {isa = PBXBuildFile; fileRef = 27009D021A05A09E00CFA5B5 /* nasalization rg.ttf */; };
		27009D051A05A24800CFA5B5 /* space age.ttf in Resources */ = {isa = PBXBuildFile; fileRef = 27009D041A05A24800CFA5B5 /* space age.ttf */; };
		270CB0B619BAC2CE00F051B3 /* milky_way.jpg in Resources */ = {isa = PBXBuildFile; fileRef = 270CB0B519BAC2CE00F051B3 /* milky_way.jpg */; };
		270CB0C319BAC93700F051B3 /* space1.png in Resources */ = {isa = PBXBuildFile; fileRef = 270CB0BF19BAC93700F051B3 /* space1.png */; };
		270CB0C419BAC93700F051B3 /* space2.png in Resources */ = {isa = PBXBuildFile; fileRef = 270CB0C019BAC93700F051B3 /* space2.png */; };
		270CB0C519BAC93700F051B3 /* space3.png in Resources */ = {isa = PBXBuildFile; fileRef = 270CB0C119BAC93700F051B3 /* space3.png */; };
		270CB0C619BAC93700F051B3 /* space4.png in Resources */ = {isa = PBXBuildFile; fileRef = 270CB0C219BAC93700F051B3 /* space4.png */; };
		273D50AF19A1A34F00E38DB2 /* Foundation.framework in Frameworks */ = {isa = PBXBuildFile; fileRef = 273D50AE19A1A34F00E38DB2 /* Foundation.framework */; };
		273D50B119A1A34F00E38DB2 /* CoreGraphics.framework in Frameworks */ = {isa = PBXBuildFile; fileRef = 273D50B019A1A34F00E38DB2 /* CoreGraphics.framework */; };
		273D50B319A1A34F00E38DB2 /* UIKit.framework in Frameworks */ = {isa = PBXBuildFile; fileRef = 273D50B219A1A34F00E38DB2 /* UIKit.framework */; };
		273D50B919A1A34F00E38DB2 /* InfoPlist.strings in Resources */ = {isa = PBXBuildFile; fileRef = 273D50B719A1A34F00E38DB2 /* InfoPlist.strings */; };
		273D50BB19A1A34F00E38DB2 /* main.m in Sources */ = {isa = PBXBuildFile; fileRef = 273D50BA19A1A34F00E38DB2 /* main.m */; };
		273D50BF19A1A34F00E38DB2 /* AppDelegate.m in Sources */ = {isa = PBXBuildFile; fileRef = 273D50BE19A1A34F00E38DB2 /* AppDelegate.m */; };
		273D50C819A1A34F00E38DB2 /* XCTest.framework in Frameworks */ = {isa = PBXBuildFile; fileRef = 273D50C719A1A34F00E38DB2 /* XCTest.framework */; };
		273D50C919A1A34F00E38DB2 /* Foundation.framework in Frameworks */ = {isa = PBXBuildFile; fileRef = 273D50AE19A1A34F00E38DB2 /* Foundation.framework */; };
		273D50CA19A1A34F00E38DB2 /* UIKit.framework in Frameworks */ = {isa = PBXBuildFile; fileRef = 273D50B219A1A34F00E38DB2 /* UIKit.framework */; };
		273D50D219A1A34F00E38DB2 /* InfoPlist.strings in Resources */ = {isa = PBXBuildFile; fileRef = 273D50D019A1A34F00E38DB2 /* InfoPlist.strings */; };
		273D50D419A1A34F00E38DB2 /* OnboardTests.m in Sources */ = {isa = PBXBuildFile; fileRef = 273D50D319A1A34F00E38DB2 /* OnboardTests.m */; };
		273D50DF19A1A49C00E38DB2 /* OnboardingViewController.m in Sources */ = {isa = PBXBuildFile; fileRef = 273D50DE19A1A49C00E38DB2 /* OnboardingViewController.m */; };
		273D50E219A1A4BF00E38DB2 /* OnboardingContentViewController.m in Sources */ = {isa = PBXBuildFile; fileRef = 273D50E119A1A4BF00E38DB2 /* OnboardingContentViewController.m */; };
		274E5B191A8C558D009765AB /* MBProgressHUD.m in Sources */ = {isa = PBXBuildFile; fileRef = 274E5B181A8C558D009765AB /* MBProgressHUD.m */; };
		27535AD019BBCA070017811B /* tree.png in Resources */ = {isa = PBXBuildFile; fileRef = 27535ACF19BBCA070017811B /* tree.png */; };
		27535AD219BBD1F00017811B /* yellowbg.png in Resources */ = {isa = PBXBuildFile; fileRef = 27535AD119BBD1F00017811B /* yellowbg.png */; };
		2789AD6219A2D95E002117FE /* street.png in Resources */ = {isa = PBXBuildFile; fileRef = 2789AD6119A2D95E002117FE /* street.png */; };
		2789AD6E19A2DE53002117FE /* blue.png in Resources */ = {isa = PBXBuildFile; fileRef = 2789AD6B19A2DE53002117FE /* blue.png */; };
		2789AD6F19A2DE53002117FE /* red.png in Resources */ = {isa = PBXBuildFile; fileRef = 2789AD6C19A2DE53002117FE /* red.png */; };
		2789AD7019A2DE53002117FE /* yellow.png in Resources */ = {isa = PBXBuildFile; fileRef = 2789AD6D19A2DE53002117FE /* yellow.png */; };
		27B4BCE719BB5D9B0066EC81 /* cone.png in Resources */ = {isa = PBXBuildFile; fileRef = 27B4BCE119BB5D9B0066EC81 /* cone.png */; };
		27B4BCE819BB5D9B0066EC81 /* headphones.png in Resources */ = {isa = PBXBuildFile; fileRef = 27B4BCE219BB5D9B0066EC81 /* headphones.png */; };
		27B4BCE919BB5D9B0066EC81 /* layers.png in Resources */ = {isa = PBXBuildFile; fileRef = 27B4BCE319BB5D9B0066EC81 /* layers.png */; };
		27B4BCEA19BB5D9B0066EC81 /* shark.png in Resources */ = {isa = PBXBuildFile; fileRef = 27B4BCE419BB5D9B0066EC81 /* shark.png */; };
		27B4BCEB19BB5D9B0066EC81 /* testtube.png in Resources */ = {isa = PBXBuildFile; fileRef = 27B4BCE519BB5D9B0066EC81 /* testtube.png */; };
		27B4BCED19BB5F6E0066EC81 /* purple.png in Resources */ = {isa = PBXBuildFile; fileRef = 27B4BCEC19BB5F6E0066EC81 /* purple.png */; };
		27B4BCEF19BB60660066EC81 /* coffee.png in Resources */ = {isa = PBXBuildFile; fileRef = 27B4BCEE19BB60660066EC81 /* coffee.png */; };
		27B4BCF119BB657F0066EC81 /* charcoal.png in Resources */ = {isa = PBXBuildFile; fileRef = 27B4BCF019BB657F0066EC81 /* charcoal.png */; };
		5BFFBBB21BF847670083BEC3 /* video1.mp4 in Resources */ = {isa = PBXBuildFile; fileRef = 5BFFBBAF1BF847670083BEC3 /* video1.mp4 */; };
		5BFFBBB31BF847670083BEC3 /* video2.mp4 in Resources */ = {isa = PBXBuildFile; fileRef = 5BFFBBB01BF847670083BEC3 /* video2.mp4 */; };
		5BFFBBB41BF847670083BEC3 /* video3.mp4 in Resources */ = {isa = PBXBuildFile; fileRef = 5BFFBBB11BF847670083BEC3 /* video3.mp4 */; };
/* End PBXBuildFile section */

/* Begin PBXContainerItemProxy section */
		273D50CB19A1A34F00E38DB2 /* PBXContainerItemProxy */ = {
			isa = PBXContainerItemProxy;
			containerPortal = 273D50A319A1A34F00E38DB2 /* Project object */;
			proxyType = 1;
			remoteGlobalIDString = 273D50AA19A1A34F00E38DB2;
			remoteInfo = Onboard;
		};
/* End PBXContainerItemProxy section */

/* Begin PBXFileReference section */
		0F0321571CA3AD81007FD86A /* Default-568h@2x.png */ = {isa = PBXFileReference; lastKnownFileType = image.png; name = "Default-568h@2x.png"; path = "../../Default-568h@2x.png"; sourceTree = "<group>"; };
		27009CFE1A05991300CFA5B5 /* sun.mp4 */ = {isa = PBXFileReference; lastKnownFileType = file; path = sun.mp4; sourceTree = "<group>"; };
		27009D001A059F6B00CFA5B5 /* sf-outer-limits.upright.ttf */ = {isa = PBXFileReference; lastKnownFileType = file; path = "sf-outer-limits.upright.ttf"; sourceTree = "<group>"; };
		27009D021A05A09E00CFA5B5 /* nasalization rg.ttf */ = {isa = PBXFileReference; lastKnownFileType = file; path = "nasalization rg.ttf"; sourceTree = "<group>"; };
		27009D041A05A24800CFA5B5 /* space age.ttf */ = {isa = PBXFileReference; lastKnownFileType = file; path = "space age.ttf"; sourceTree = "<group>"; };
		270CB0B519BAC2CE00F051B3 /* milky_way.jpg */ = {isa = PBXFileReference; lastKnownFileType = image.jpeg; path = milky_way.jpg; sourceTree = "<group>"; };
		270CB0BF19BAC93700F051B3 /* space1.png */ = {isa = PBXFileReference; lastKnownFileType = image.png; path = space1.png; sourceTree = "<group>"; };
		270CB0C019BAC93700F051B3 /* space2.png */ = {isa = PBXFileReference; lastKnownFileType = image.png; path = space2.png; sourceTree = "<group>"; };
		270CB0C119BAC93700F051B3 /* space3.png */ = {isa = PBXFileReference; lastKnownFileType = image.png; path = space3.png; sourceTree = "<group>"; };
		270CB0C219BAC93700F051B3 /* space4.png */ = {isa = PBXFileReference; lastKnownFileType = image.png; path = space4.png; sourceTree = "<group>"; };
		273D50AB19A1A34F00E38DB2 /* Onboard.app */ = {isa = PBXFileReference; explicitFileType = wrapper.application; includeInIndex = 0; path = Onboard.app; sourceTree = BUILT_PRODUCTS_DIR; };
		273D50AE19A1A34F00E38DB2 /* Foundation.framework */ = {isa = PBXFileReference; lastKnownFileType = wrapper.framework; name = Foundation.framework; path = System/Library/Frameworks/Foundation.framework; sourceTree = SDKROOT; };
		273D50B019A1A34F00E38DB2 /* CoreGraphics.framework */ = {isa = PBXFileReference; lastKnownFileType = wrapper.framework; name = CoreGraphics.framework; path = System/Library/Frameworks/CoreGraphics.framework; sourceTree = SDKROOT; };
		273D50B219A1A34F00E38DB2 /* UIKit.framework */ = {isa = PBXFileReference; lastKnownFileType = wrapper.framework; name = UIKit.framework; path = System/Library/Frameworks/UIKit.framework; sourceTree = SDKROOT; };
		273D50B619A1A34F00E38DB2 /* Onboard-Info.plist */ = {isa = PBXFileReference; lastKnownFileType = text.plist.xml; path = "Onboard-Info.plist"; sourceTree = "<group>"; };
		273D50B819A1A34F00E38DB2 /* en */ = {isa = PBXFileReference; lastKnownFileType = text.plist.strings; name = en; path = en.lproj/InfoPlist.strings; sourceTree = "<group>"; };
		273D50BA19A1A34F00E38DB2 /* main.m */ = {isa = PBXFileReference; lastKnownFileType = sourcecode.c.objc; path = main.m; sourceTree = "<group>"; };
		273D50BC19A1A34F00E38DB2 /* Onboard-Prefix.pch */ = {isa = PBXFileReference; lastKnownFileType = sourcecode.c.h; path = "Onboard-Prefix.pch"; sourceTree = "<group>"; };
		273D50BD19A1A34F00E38DB2 /* AppDelegate.h */ = {isa = PBXFileReference; lastKnownFileType = sourcecode.c.h; path = AppDelegate.h; sourceTree = "<group>"; };
		273D50BE19A1A34F00E38DB2 /* AppDelegate.m */ = {isa = PBXFileReference; lastKnownFileType = sourcecode.c.objc; path = AppDelegate.m; sourceTree = "<group>"; };
		273D50C619A1A34F00E38DB2 /* OnboardTests.xctest */ = {isa = PBXFileReference; explicitFileType = wrapper.cfbundle; includeInIndex = 0; path = OnboardTests.xctest; sourceTree = BUILT_PRODUCTS_DIR; };
		273D50C719A1A34F00E38DB2 /* XCTest.framework */ = {isa = PBXFileReference; lastKnownFileType = wrapper.framework; name = XCTest.framework; path = Library/Frameworks/XCTest.framework; sourceTree = DEVELOPER_DIR; };
		273D50CF19A1A34F00E38DB2 /* OnboardTests-Info.plist */ = {isa = PBXFileReference; lastKnownFileType = text.plist.xml; path = "OnboardTests-Info.plist"; sourceTree = "<group>"; };
		273D50D119A1A34F00E38DB2 /* en */ = {isa = PBXFileReference; lastKnownFileType = text.plist.strings; name = en; path = en.lproj/InfoPlist.strings; sourceTree = "<group>"; };
		273D50D319A1A34F00E38DB2 /* OnboardTests.m */ = {isa = PBXFileReference; lastKnownFileType = sourcecode.c.objc; path = OnboardTests.m; sourceTree = "<group>"; };
		273D50DD19A1A49C00E38DB2 /* OnboardingViewController.h */ = {isa = PBXFileReference; fileEncoding = 4; lastKnownFileType = sourcecode.c.h; path = OnboardingViewController.h; sourceTree = "<group>"; };
		273D50DE19A1A49C00E38DB2 /* OnboardingViewController.m */ = {isa = PBXFileReference; fileEncoding = 4; lastKnownFileType = sourcecode.c.objc; path = OnboardingViewController.m; sourceTree = "<group>"; };
		273D50E019A1A4BF00E38DB2 /* OnboardingContentViewController.h */ = {isa = PBXFileReference; fileEncoding = 4; lastKnownFileType = sourcecode.c.h; path = OnboardingContentViewController.h; sourceTree = "<group>"; };
		273D50E119A1A4BF00E38DB2 /* OnboardingContentViewController.m */ = {isa = PBXFileReference; fileEncoding = 4; lastKnownFileType = sourcecode.c.objc; path = OnboardingContentViewController.m; sourceTree = "<group>"; };
		274E5B171A8C558D009765AB /* MBProgressHUD.h */ = {isa = PBXFileReference; fileEncoding = 4; lastKnownFileType = sourcecode.c.h; path = MBProgressHUD.h; sourceTree = "<group>"; };
		274E5B181A8C558D009765AB /* MBProgressHUD.m */ = {isa = PBXFileReference; fileEncoding = 4; lastKnownFileType = sourcecode.c.objc; path = MBProgressHUD.m; sourceTree = "<group>"; };
		27535ACF19BBCA070017811B /* tree.png */ = {isa = PBXFileReference; lastKnownFileType = image.png; path = tree.png; sourceTree = "<group>"; };
		27535AD119BBD1F00017811B /* yellowbg.png */ = {isa = PBXFileReference; lastKnownFileType = image.png; path = yellowbg.png; sourceTree = "<group>"; };
		2789AD6119A2D95E002117FE /* street.png */ = {isa = PBXFileReference; lastKnownFileType = image.png; path = street.png; sourceTree = "<group>"; };
		2789AD6B19A2DE53002117FE /* blue.png */ = {isa = PBXFileReference; lastKnownFileType = image.png; path = blue.png; sourceTree = "<group>"; };
		2789AD6C19A2DE53002117FE /* red.png */ = {isa = PBXFileReference; lastKnownFileType = image.png; path = red.png; sourceTree = "<group>"; };
		2789AD6D19A2DE53002117FE /* yellow.png */ = {isa = PBXFileReference; lastKnownFileType = image.png; path = yellow.png; sourceTree = "<group>"; };
		27B4BCE119BB5D9B0066EC81 /* cone.png */ = {isa = PBXFileReference; lastKnownFileType = image.png; path = cone.png; sourceTree = "<group>"; };
		27B4BCE219BB5D9B0066EC81 /* headphones.png */ = {isa = PBXFileReference; lastKnownFileType = image.png; path = headphones.png; sourceTree = "<group>"; };
		27B4BCE319BB5D9B0066EC81 /* layers.png */ = {isa = PBXFileReference; lastKnownFileType = image.png; path = layers.png; sourceTree = "<group>"; };
		27B4BCE419BB5D9B0066EC81 /* shark.png */ = {isa = PBXFileReference; lastKnownFileType = image.png; path = shark.png; sourceTree = "<group>"; };
		27B4BCE519BB5D9B0066EC81 /* testtube.png */ = {isa = PBXFileReference; lastKnownFileType = image.png; path = testtube.png; sourceTree = "<group>"; };
		27B4BCEC19BB5F6E0066EC81 /* purple.png */ = {isa = PBXFileReference; lastKnownFileType = image.png; path = purple.png; sourceTree = "<group>"; };
		27B4BCEE19BB60660066EC81 /* coffee.png */ = {isa = PBXFileReference; lastKnownFileType = image.png; path = coffee.png; sourceTree = "<group>"; };
		27B4BCF019BB657F0066EC81 /* charcoal.png */ = {isa = PBXFileReference; lastKnownFileType = image.png; path = charcoal.png; sourceTree = "<group>"; };
		5BFFBBAF1BF847670083BEC3 /* video1.mp4 */ = {isa = PBXFileReference; lastKnownFileType = file; path = video1.mp4; sourceTree = "<group>"; };
		5BFFBBB01BF847670083BEC3 /* video2.mp4 */ = {isa = PBXFileReference; lastKnownFileType = file; path = video2.mp4; sourceTree = "<group>"; };
		5BFFBBB11BF847670083BEC3 /* video3.mp4 */ = {isa = PBXFileReference; lastKnownFileType = file; path = video3.mp4; sourceTree = "<group>"; };
		F3D2BE1A1BEB5A33000C63A6 /* OnboardingContentViewController_Private.h */ = {isa = PBXFileReference; lastKnownFileType = sourcecode.c.h; path = OnboardingContentViewController_Private.h; sourceTree = "<group>"; };
/* End PBXFileReference section */

/* Begin PBXFrameworksBuildPhase section */
		273D50A819A1A34F00E38DB2 /* Frameworks */ = {
			isa = PBXFrameworksBuildPhase;
			buildActionMask = 2147483647;
			files = (
				273D50B119A1A34F00E38DB2 /* CoreGraphics.framework in Frameworks */,
				273D50B319A1A34F00E38DB2 /* UIKit.framework in Frameworks */,
				273D50AF19A1A34F00E38DB2 /* Foundation.framework in Frameworks */,
			);
			runOnlyForDeploymentPostprocessing = 0;
		};
		273D50C319A1A34F00E38DB2 /* Frameworks */ = {
			isa = PBXFrameworksBuildPhase;
			buildActionMask = 2147483647;
			files = (
				273D50C819A1A34F00E38DB2 /* XCTest.framework in Frameworks */,
				273D50CA19A1A34F00E38DB2 /* UIKit.framework in Frameworks */,
				273D50C919A1A34F00E38DB2 /* Foundation.framework in Frameworks */,
			);
			runOnlyForDeploymentPostprocessing = 0;
		};
/* End PBXFrameworksBuildPhase section */

/* Begin PBXGroup section */
		270CB0B419BABF8C00F051B3 /* media */ = {
			isa = PBXGroup;
			children = (
				5BFFBBAF1BF847670083BEC3 /* video1.mp4 */,
				5BFFBBB01BF847670083BEC3 /* video2.mp4 */,
				5BFFBBB11BF847670083BEC3 /* video3.mp4 */,
				27009D041A05A24800CFA5B5 /* space age.ttf */,
				27009D001A059F6B00CFA5B5 /* sf-outer-limits.upright.ttf */,
				27009D021A05A09E00CFA5B5 /* nasalization rg.ttf */,
				27009CFE1A05991300CFA5B5 /* sun.mp4 */,
				27535AD119BBD1F00017811B /* yellowbg.png */,
				27535ACF19BBCA070017811B /* tree.png */,
				27B4BCF019BB657F0066EC81 /* charcoal.png */,
				27B4BCEE19BB60660066EC81 /* coffee.png */,
				27B4BCEC19BB5F6E0066EC81 /* purple.png */,
				27B4BCE119BB5D9B0066EC81 /* cone.png */,
				27B4BCE219BB5D9B0066EC81 /* headphones.png */,
				27B4BCE319BB5D9B0066EC81 /* layers.png */,
				27B4BCE419BB5D9B0066EC81 /* shark.png */,
				27B4BCE519BB5D9B0066EC81 /* testtube.png */,
				270CB0B519BAC2CE00F051B3 /* milky_way.jpg */,
				2789AD6B19A2DE53002117FE /* blue.png */,
				2789AD6C19A2DE53002117FE /* red.png */,
				2789AD6D19A2DE53002117FE /* yellow.png */,
				2789AD6119A2D95E002117FE /* street.png */,
				270CB0BF19BAC93700F051B3 /* space1.png */,
				270CB0C019BAC93700F051B3 /* space2.png */,
				270CB0C119BAC93700F051B3 /* space3.png */,
				270CB0C219BAC93700F051B3 /* space4.png */,
			);
			path = media;
			sourceTree = "<group>";
		};
		273D50A219A1A34F00E38DB2 = {
			isa = PBXGroup;
			children = (
				273D50B419A1A34F00E38DB2 /* Source */,
				275280F219A45909007FBD47 /* Demo Files */,
			);
			sourceTree = "<group>";
		};
		273D50AC19A1A34F00E38DB2 /* Products */ = {
			isa = PBXGroup;
			children = (
				273D50AB19A1A34F00E38DB2 /* Onboard.app */,
				273D50C619A1A34F00E38DB2 /* OnboardTests.xctest */,
			);
			path = Products;
			sourceTree = "<group>";
		};
		273D50AD19A1A34F00E38DB2 /* Frameworks */ = {
			isa = PBXGroup;
			children = (
				273D50AE19A1A34F00E38DB2 /* Foundation.framework */,
				273D50B019A1A34F00E38DB2 /* CoreGraphics.framework */,
				273D50B219A1A34F00E38DB2 /* UIKit.framework */,
				273D50C719A1A34F00E38DB2 /* XCTest.framework */,
			);
			path = Frameworks;
			sourceTree = "<group>";
		};
		273D50B419A1A34F00E38DB2 /* Source */ = {
			isa = PBXGroup;
			children = (
				273D50DD19A1A49C00E38DB2 /* OnboardingViewController.h */,
				273D50DE19A1A49C00E38DB2 /* OnboardingViewController.m */,
				F3D2BE1A1BEB5A33000C63A6 /* OnboardingContentViewController_Private.h */,
				273D50E019A1A4BF00E38DB2 /* OnboardingContentViewController.h */,
				273D50E119A1A4BF00E38DB2 /* OnboardingContentViewController.m */,
			);
			name = Source;
			path = ../Source;
			sourceTree = "<group>";
		};
		273D50B519A1A34F00E38DB2 /* Supporting Files */ = {
			isa = PBXGroup;
			children = (
				273D50B619A1A34F00E38DB2 /* Onboard-Info.plist */,
				273D50B719A1A34F00E38DB2 /* InfoPlist.strings */,
				273D50BA19A1A34F00E38DB2 /* main.m */,
				273D50BC19A1A34F00E38DB2 /* Onboard-Prefix.pch */,
				0F0321571CA3AD81007FD86A /* Default-568h@2x.png */,
			);
			path = "Supporting Files";
			sourceTree = "<group>";
		};
		273D50CD19A1A34F00E38DB2 /* OnboardTests */ = {
			isa = PBXGroup;
			children = (
				273D50D319A1A34F00E38DB2 /* OnboardTests.m */,
				273D50CE19A1A34F00E38DB2 /* Supporting Files */,
			);
			path = OnboardTests;
			sourceTree = "<group>";
		};
		273D50CE19A1A34F00E38DB2 /* Supporting Files */ = {
			isa = PBXGroup;
			children = (
				273D50CF19A1A34F00E38DB2 /* OnboardTests-Info.plist */,
				273D50D019A1A34F00E38DB2 /* InfoPlist.strings */,
			);
			path = "Supporting Files";
			sourceTree = "<group>";
		};
		274E5B161A8C552B009765AB /* Externals */ = {
			isa = PBXGroup;
			children = (
				274E5B171A8C558D009765AB /* MBProgressHUD.h */,
				274E5B181A8C558D009765AB /* MBProgressHUD.m */,
			);
			path = Externals;
			sourceTree = "<group>";
		};
		275280F219A45909007FBD47 /* Demo Files */ = {
			isa = PBXGroup;
			children = (
				273D50BD19A1A34F00E38DB2 /* AppDelegate.h */,
				273D50BE19A1A34F00E38DB2 /* AppDelegate.m */,
				274E5B161A8C552B009765AB /* Externals */,
				273D50B519A1A34F00E38DB2 /* Supporting Files */,
				273D50CD19A1A34F00E38DB2 /* OnboardTests */,
				273D50AD19A1A34F00E38DB2 /* Frameworks */,
				273D50AC19A1A34F00E38DB2 /* Products */,
				270CB0B419BABF8C00F051B3 /* media */,
			);
			path = "Demo Files";
			sourceTree = "<group>";
		};
/* End PBXGroup section */

/* Begin PBXNativeTarget section */
		273D50AA19A1A34F00E38DB2 /* Onboard */ = {
			isa = PBXNativeTarget;
			buildConfigurationList = 273D50D719A1A34F00E38DB2 /* Build configuration list for PBXNativeTarget "Onboard" */;
			buildPhases = (
				273D50A719A1A34F00E38DB2 /* Sources */,
				273D50A819A1A34F00E38DB2 /* Frameworks */,
				273D50A919A1A34F00E38DB2 /* Resources */,
			);
			buildRules = (
			);
			dependencies = (
			);
			name = Onboard;
			productName = Onboard;
			productReference = 273D50AB19A1A34F00E38DB2 /* Onboard.app */;
			productType = "com.apple.product-type.application";
		};
		273D50C519A1A34F00E38DB2 /* OnboardTests */ = {
			isa = PBXNativeTarget;
			buildConfigurationList = 273D50DA19A1A34F00E38DB2 /* Build configuration list for PBXNativeTarget "OnboardTests" */;
			buildPhases = (
				273D50C219A1A34F00E38DB2 /* Sources */,
				273D50C319A1A34F00E38DB2 /* Frameworks */,
				273D50C419A1A34F00E38DB2 /* Resources */,
			);
			buildRules = (
			);
			dependencies = (
				273D50CC19A1A34F00E38DB2 /* PBXTargetDependency */,
			);
			name = OnboardTests;
			productName = OnboardTests;
			productReference = 273D50C619A1A34F00E38DB2 /* OnboardTests.xctest */;
			productType = "com.apple.product-type.bundle.unit-test";
		};
/* End PBXNativeTarget section */

/* Begin PBXProject section */
		273D50A319A1A34F00E38DB2 /* Project object */ = {
			isa = PBXProject;
			attributes = {
				LastUpgradeCheck = 0700;
				ORGANIZATIONNAME = "Mike Amaral";
				TargetAttributes = {
					273D50C519A1A34F00E38DB2 = {
						TestTargetID = 273D50AA19A1A34F00E38DB2;
					};
				};
			};
			buildConfigurationList = 273D50A619A1A34F00E38DB2 /* Build configuration list for PBXProject "Onboard" */;
			compatibilityVersion = "Xcode 3.2";
			developmentRegion = English;
			hasScannedForEncodings = 0;
			knownRegions = (
				en,
			);
			mainGroup = 273D50A219A1A34F00E38DB2;
			productRefGroup = 273D50AC19A1A34F00E38DB2 /* Products */;
			projectDirPath = "";
			projectRoot = "";
			targets = (
				273D50AA19A1A34F00E38DB2 /* Onboard */,
				273D50C519A1A34F00E38DB2 /* OnboardTests */,
			);
		};
/* End PBXProject section */

/* Begin PBXResourcesBuildPhase section */
		273D50A919A1A34F00E38DB2 /* Resources */ = {
			isa = PBXResourcesBuildPhase;
			buildActionMask = 2147483647;
			files = (
				27B4BCEB19BB5D9B0066EC81 /* testtube.png in Resources */,
				27B4BCE919BB5D9B0066EC81 /* layers.png in Resources */,
				27B4BCE819BB5D9B0066EC81 /* headphones.png in Resources */,
				270CB0C519BAC93700F051B3 /* space3.png in Resources */,
				27B4BCED19BB5F6E0066EC81 /* purple.png in Resources */,
				0F0321581CA3AD81007FD86A /* Default-568h@2x.png in Resources */,
				5BFFBBB31BF847670083BEC3 /* video2.mp4 in Resources */,
				27B4BCF119BB657F0066EC81 /* charcoal.png in Resources */,
				27535AD219BBD1F00017811B /* yellowbg.png in Resources */,
				27009D051A05A24800CFA5B5 /* space age.ttf in Resources */,
				273D50B919A1A34F00E38DB2 /* InfoPlist.strings in Resources */,
				27B4BCEA19BB5D9B0066EC81 /* shark.png in Resources */,
				2789AD7019A2DE53002117FE /* yellow.png in Resources */,
				27009CFF1A05991300CFA5B5 /* sun.mp4 in Resources */,
				270CB0C319BAC93700F051B3 /* space1.png in Resources */,
				27009D011A059F6B00CFA5B5 /* sf-outer-limits.upright.ttf in Resources */,
				27535AD019BBCA070017811B /* tree.png in Resources */,
				270CB0C619BAC93700F051B3 /* space4.png in Resources */,
				5BFFBBB21BF847670083BEC3 /* video1.mp4 in Resources */,
				27B4BCE719BB5D9B0066EC81 /* cone.png in Resources */,
				2789AD6219A2D95E002117FE /* street.png in Resources */,
				27B4BCEF19BB60660066EC81 /* coffee.png in Resources */,
				270CB0B619BAC2CE00F051B3 /* milky_way.jpg in Resources */,
				270CB0C419BAC93700F051B3 /* space2.png in Resources */,
				27009D031A05A09E00CFA5B5 /* nasalization rg.ttf in Resources */,
				2789AD6F19A2DE53002117FE /* red.png in Resources */,
				2789AD6E19A2DE53002117FE /* blue.png in Resources */,
				5BFFBBB41BF847670083BEC3 /* video3.mp4 in Resources */,
			);
			runOnlyForDeploymentPostprocessing = 0;
		};
		273D50C419A1A34F00E38DB2 /* Resources */ = {
			isa = PBXResourcesBuildPhase;
			buildActionMask = 2147483647;
			files = (
				273D50D219A1A34F00E38DB2 /* InfoPlist.strings in Resources */,
			);
			runOnlyForDeploymentPostprocessing = 0;
		};
/* End PBXResourcesBuildPhase section */

/* Begin PBXSourcesBuildPhase section */
		273D50A719A1A34F00E38DB2 /* Sources */ = {
			isa = PBXSourcesBuildPhase;
			buildActionMask = 2147483647;
			files = (
				273D50DF19A1A49C00E38DB2 /* OnboardingViewController.m in Sources */,
				274E5B191A8C558D009765AB /* MBProgressHUD.m in Sources */,
				273D50BF19A1A34F00E38DB2 /* AppDelegate.m in Sources */,
				273D50BB19A1A34F00E38DB2 /* main.m in Sources */,
				273D50E219A1A4BF00E38DB2 /* OnboardingContentViewController.m in Sources */,
			);
			runOnlyForDeploymentPostprocessing = 0;
		};
		273D50C219A1A34F00E38DB2 /* Sources */ = {
			isa = PBXSourcesBuildPhase;
			buildActionMask = 2147483647;
			files = (
				273D50D419A1A34F00E38DB2 /* OnboardTests.m in Sources */,
			);
			runOnlyForDeploymentPostprocessing = 0;
		};
/* End PBXSourcesBuildPhase section */

/* Begin PBXTargetDependency section */
		273D50CC19A1A34F00E38DB2 /* PBXTargetDependency */ = {
			isa = PBXTargetDependency;
			target = 273D50AA19A1A34F00E38DB2 /* Onboard */;
			targetProxy = 273D50CB19A1A34F00E38DB2 /* PBXContainerItemProxy */;
		};
/* End PBXTargetDependency section */

/* Begin PBXVariantGroup section */
		273D50B719A1A34F00E38DB2 /* InfoPlist.strings */ = {
			isa = PBXVariantGroup;
			children = (
				273D50B819A1A34F00E38DB2 /* en */,
			);
			name = InfoPlist.strings;
			path = .;
			sourceTree = "<group>";
		};
		273D50D019A1A34F00E38DB2 /* InfoPlist.strings */ = {
			isa = PBXVariantGroup;
			children = (
				273D50D119A1A34F00E38DB2 /* en */,
			);
			name = InfoPlist.strings;
			path = .;
			sourceTree = "<group>";
		};
/* End PBXVariantGroup section */

/* Begin XCBuildConfiguration section */
		273D50D519A1A34F00E38DB2 /* Debug */ = {
			isa = XCBuildConfiguration;
			buildSettings = {
				ALWAYS_SEARCH_USER_PATHS = NO;
				CLANG_CXX_LANGUAGE_STANDARD = "gnu++0x";
				CLANG_CXX_LIBRARY = "libc++";
				CLANG_ENABLE_MODULES = YES;
				CLANG_ENABLE_OBJC_ARC = YES;
				CLANG_WARN_BOOL_CONVERSION = YES;
				CLANG_WARN_CONSTANT_CONVERSION = YES;
				CLANG_WARN_DIRECT_OBJC_ISA_USAGE = YES_ERROR;
				CLANG_WARN_EMPTY_BODY = YES;
				CLANG_WARN_ENUM_CONVERSION = YES;
				CLANG_WARN_INT_CONVERSION = YES;
				CLANG_WARN_OBJC_ROOT_CLASS = YES_ERROR;
				CLANG_WARN__DUPLICATE_METHOD_MATCH = YES;
				"CODE_SIGN_IDENTITY[sdk=iphoneos*]" = "iPhone Developer";
				COPY_PHASE_STRIP = NO;
				ENABLE_TESTABILITY = YES;
				GCC_C_LANGUAGE_STANDARD = gnu99;
				GCC_DYNAMIC_NO_PIC = NO;
				GCC_OPTIMIZATION_LEVEL = 0;
				GCC_PREPROCESSOR_DEFINITIONS = (
					"DEBUG=1",
					"$(inherited)",
				);
				GCC_SYMBOLS_PRIVATE_EXTERN = NO;
				GCC_WARN_64_TO_32_BIT_CONVERSION = YES;
				GCC_WARN_ABOUT_RETURN_TYPE = YES_ERROR;
				GCC_WARN_UNDECLARED_SELECTOR = YES;
				GCC_WARN_UNINITIALIZED_AUTOS = YES;
				GCC_WARN_UNUSED_FUNCTION = YES;
				GCC_WARN_UNUSED_VARIABLE = YES;
				IPHONEOS_DEPLOYMENT_TARGET = 8.0;
				ONLY_ACTIVE_ARCH = YES;
				SDKROOT = iphoneos;
				TARGETED_DEVICE_FAMILY = "1,2";
			};
			name = Debug;
		};
		273D50D619A1A34F00E38DB2 /* Release */ = {
			isa = XCBuildConfiguration;
			buildSettings = {
				ALWAYS_SEARCH_USER_PATHS = NO;
				CLANG_CXX_LANGUAGE_STANDARD = "gnu++0x";
				CLANG_CXX_LIBRARY = "libc++";
				CLANG_ENABLE_MODULES = YES;
				CLANG_ENABLE_OBJC_ARC = YES;
				CLANG_WARN_BOOL_CONVERSION = YES;
				CLANG_WARN_CONSTANT_CONVERSION = YES;
				CLANG_WARN_DIRECT_OBJC_ISA_USAGE = YES_ERROR;
				CLANG_WARN_EMPTY_BODY = YES;
				CLANG_WARN_ENUM_CONVERSION = YES;
				CLANG_WARN_INT_CONVERSION = YES;
				CLANG_WARN_OBJC_ROOT_CLASS = YES_ERROR;
				CLANG_WARN__DUPLICATE_METHOD_MATCH = YES;
				"CODE_SIGN_IDENTITY[sdk=iphoneos*]" = "iPhone Developer";
				COPY_PHASE_STRIP = YES;
				ENABLE_NS_ASSERTIONS = NO;
				GCC_C_LANGUAGE_STANDARD = gnu99;
				GCC_WARN_64_TO_32_BIT_CONVERSION = YES;
				GCC_WARN_ABOUT_RETURN_TYPE = YES_ERROR;
				GCC_WARN_UNDECLARED_SELECTOR = YES;
				GCC_WARN_UNINITIALIZED_AUTOS = YES;
				GCC_WARN_UNUSED_FUNCTION = YES;
				GCC_WARN_UNUSED_VARIABLE = YES;
				IPHONEOS_DEPLOYMENT_TARGET = 8.0;
				SDKROOT = iphoneos;
				TARGETED_DEVICE_FAMILY = "1,2";
				VALIDATE_PRODUCT = YES;
			};
			name = Release;
		};
		273D50D819A1A34F00E38DB2 /* Debug */ = {
			isa = XCBuildConfiguration;
			buildSettings = {
				GCC_PRECOMPILE_PREFIX_HEADER = YES;
				GCC_PREFIX_HEADER = "Demo Files/Supporting Files/Onboard-Prefix.pch";
				INFOPLIST_FILE = "Demo Files/Supporting Files/Onboard-Info.plist";
				PRODUCT_BUNDLE_IDENTIFIER = "com.MikeAmaral.${PRODUCT_NAME:rfc1034identifier}";
				PRODUCT_NAME = "$(TARGET_NAME)";
				WRAPPER_EXTENSION = app;
			};
			name = Debug;
		};
		273D50D919A1A34F00E38DB2 /* Release */ = {
			isa = XCBuildConfiguration;
			buildSettings = {
				GCC_PRECOMPILE_PREFIX_HEADER = YES;
				GCC_PREFIX_HEADER = "Demo Files/Supporting Files/Onboard-Prefix.pch";
				INFOPLIST_FILE = "Demo Files/Supporting Files/Onboard-Info.plist";
				PRODUCT_BUNDLE_IDENTIFIER = "com.MikeAmaral.${PRODUCT_NAME:rfc1034identifier}";
				PRODUCT_NAME = "$(TARGET_NAME)";
				WRAPPER_EXTENSION = app;
			};
			name = Release;
		};
		273D50DB19A1A34F00E38DB2 /* Debug */ = {
			isa = XCBuildConfiguration;
			buildSettings = {
				BUNDLE_LOADER = "$(BUILT_PRODUCTS_DIR)/Onboard.app/Onboard";
				FRAMEWORK_SEARCH_PATHS = (
					"$(SDKROOT)/Developer/Library/Frameworks",
					"$(inherited)",
					"$(DEVELOPER_FRAMEWORKS_DIR)",
				);
				GCC_PRECOMPILE_PREFIX_HEADER = YES;
				GCC_PREFIX_HEADER = "Demo Files/Supporting Files/Onboard-Prefix.pch";
				GCC_PREPROCESSOR_DEFINITIONS = (
					"DEBUG=1",
					"$(inherited)",
				);
				INFOPLIST_FILE = "Demo Files/OnboardTests/Supporting Files/OnboardTests-Info.plist";
				PRODUCT_BUNDLE_IDENTIFIER = "com.MikeAmaral.${PRODUCT_NAME:rfc1034identifier}";
				PRODUCT_NAME = "$(TARGET_NAME)";
				TEST_HOST = "$(BUNDLE_LOADER)";
				WRAPPER_EXTENSION = xctest;
			};
			name = Debug;
		};
		273D50DC19A1A34F00E38DB2 /* Release */ = {
			isa = XCBuildConfiguration;
			buildSettings = {
				BUNDLE_LOADER = "$(BUILT_PRODUCTS_DIR)/Onboard.app/Onboard";
				FRAMEWORK_SEARCH_PATHS = (
					"$(SDKROOT)/Developer/Library/Frameworks",
					"$(inherited)",
					"$(DEVELOPER_FRAMEWORKS_DIR)",
				);
				GCC_PRECOMPILE_PREFIX_HEADER = YES;
				GCC_PREFIX_HEADER = "Demo Files/Supporting Files/Onboard-Prefix.pch";
				INFOPLIST_FILE = "Demo Files/OnboardTests/Supporting Files/OnboardTests-Info.plist";
				PRODUCT_BUNDLE_IDENTIFIER = "com.MikeAmaral.${PRODUCT_NAME:rfc1034identifier}";
				PRODUCT_NAME = "$(TARGET_NAME)";
				TEST_HOST = "$(BUNDLE_LOADER)";
				WRAPPER_EXTENSION = xctest;
			};
			name = Release;
		};
/* End XCBuildConfiguration section */

/* Begin XCConfigurationList section */
		273D50A619A1A34F00E38DB2 /* Build configuration list for PBXProject "Onboard" */ = {
			isa = XCConfigurationList;
			buildConfigurations = (
				273D50D519A1A34F00E38DB2 /* Debug */,
				273D50D619A1A34F00E38DB2 /* Release */,
			);
			defaultConfigurationIsVisible = 0;
			defaultConfigurationName = Release;
		};
		273D50D719A1A34F00E38DB2 /* Build configuration list for PBXNativeTarget "Onboard" */ = {
			isa = XCConfigurationList;
			buildConfigurations = (
				273D50D819A1A34F00E38DB2 /* Debug */,
				273D50D919A1A34F00E38DB2 /* Release */,
			);
			defaultConfigurationIsVisible = 0;
			defaultConfigurationName = Release;
		};
		273D50DA19A1A34F00E38DB2 /* Build configuration list for PBXNativeTarget "OnboardTests" */ = {
			isa = XCConfigurationList;
			buildConfigurations = (
				273D50DB19A1A34F00E38DB2 /* Debug */,
				273D50DC19A1A34F00E38DB2 /* Release */,
			);
			defaultConfigurationIsVisible = 0;
			defaultConfigurationName = Release;
		};
/* End XCConfigurationList section */
	};
	rootObject = 273D50A319A1A34F00E38DB2 /* Project object */;
}
