<?xml version="1.0" encoding="UTF-8"?>
<!DOCTYPE plist PUBLIC "-//Apple//DTD PLIST 1.0//EN" "http://www.apple.com/DTDs/PropertyList-1.0.dtd">
<plist version="1.0">
<dict>
	<key>archiveVersion</key>
	<string>1</string>
	<key>classes</key>
	<dict/>
	<key>objectVersion</key>
	<string>46</string>
	<key>objects</key>
	<dict>
		<key>27009CFE1A05991300CFA5B5</key>
		<dict>
			<key>isa</key>
			<string>PBXFileReference</string>
			<key>lastKnownFileType</key>
			<string>file</string>
			<key>path</key>
			<string>sun.mp4</string>
			<key>sourceTree</key>
			<string>&lt;group&gt;</string>
		</dict>
		<key>27009CFF1A05991300CFA5B5</key>
		<dict>
			<key>fileRef</key>
			<string>27009CFE1A05991300CFA5B5</string>
			<key>isa</key>
			<string>PBXBuildFile</string>
		</dict>
		<key>27009D001A059F6B00CFA5B5</key>
		<dict>
			<key>isa</key>
			<string>PBXFileReference</string>
			<key>lastKnownFileType</key>
			<string>file</string>
			<key>path</key>
			<string>sf-outer-limits.upright.ttf</string>
			<key>sourceTree</key>
			<string>&lt;group&gt;</string>
		</dict>
		<key>27009D011A059F6B00CFA5B5</key>
		<dict>
			<key>fileRef</key>
			<string>27009D001A059F6B00CFA5B5</string>
			<key>isa</key>
			<string>PBXBuildFile</string>
		</dict>
		<key>27009D021A05A09E00CFA5B5</key>
		<dict>
			<key>isa</key>
			<string>PBXFileReference</string>
			<key>lastKnownFileType</key>
			<string>file</string>
			<key>path</key>
			<string>nasalization rg.ttf</string>
			<key>sourceTree</key>
			<string>&lt;group&gt;</string>
		</dict>
		<key>27009D031A05A09E00CFA5B5</key>
		<dict>
			<key>fileRef</key>
			<string>27009D021A05A09E00CFA5B5</string>
			<key>isa</key>
			<string>PBXBuildFile</string>
		</dict>
		<key>27009D041A05A24800CFA5B5</key>
		<dict>
			<key>isa</key>
			<string>PBXFileReference</string>
			<key>lastKnownFileType</key>
			<string>file</string>
			<key>path</key>
			<string>space age.ttf</string>
			<key>sourceTree</key>
			<string>&lt;group&gt;</string>
		</dict>
		<key>27009D051A05A24800CFA5B5</key>
		<dict>
			<key>fileRef</key>
			<string>27009D041A05A24800CFA5B5</string>
			<key>isa</key>
			<string>PBXBuildFile</string>
		</dict>
		<key>270CB0B419BABF8C00F051B3</key>
		<dict>
			<key>children</key>
			<array>
				<string>27009D041A05A24800CFA5B5</string>
				<string>27009D001A059F6B00CFA5B5</string>
				<string>27009D021A05A09E00CFA5B5</string>
				<string>27009CFE1A05991300CFA5B5</string>
				<string>27535AD119BBD1F00017811B</string>
				<string>27535ACF19BBCA070017811B</string>
				<string>27B4BCF019BB657F0066EC81</string>
				<string>27B4BCEE19BB60660066EC81</string>
				<string>27B4BCEC19BB5F6E0066EC81</string>
				<string>27B4BCE119BB5D9B0066EC81</string>
				<string>27B4BCE219BB5D9B0066EC81</string>
				<string>27B4BCE319BB5D9B0066EC81</string>
				<string>27B4BCE419BB5D9B0066EC81</string>
				<string>27B4BCE519BB5D9B0066EC81</string>
				<string>270CB0B519BAC2CE00F051B3</string>
				<string>2789AD6B19A2DE53002117FE</string>
				<string>2789AD6C19A2DE53002117FE</string>
				<string>2789AD6D19A2DE53002117FE</string>
				<string>2789AD6119A2D95E002117FE</string>
				<string>270CB0BF19BAC93700F051B3</string>
				<string>270CB0C019BAC93700F051B3</string>
				<string>270CB0C119BAC93700F051B3</string>
				<string>270CB0C219BAC93700F051B3</string>
			</array>
			<key>isa</key>
			<string>PBXGroup</string>
			<key>name</key>
			<string>media</string>
			<key>path</key>
			<string>media</string>
			<key>sourceTree</key>
			<string>&lt;group&gt;</string>
		</dict>
		<key>270CB0B519BAC2CE00F051B3</key>
		<dict>
			<key>isa</key>
			<string>PBXFileReference</string>
			<key>lastKnownFileType</key>
			<string>image.jpeg</string>
			<key>path</key>
			<string>milky_way.jpg</string>
			<key>sourceTree</key>
			<string>&lt;group&gt;</string>
		</dict>
		<key>270CB0B619BAC2CE00F051B3</key>
		<dict>
			<key>fileRef</key>
			<string>270CB0B519BAC2CE00F051B3</string>
			<key>isa</key>
			<string>PBXBuildFile</string>
		</dict>
		<key>270CB0BF19BAC93700F051B3</key>
		<dict>
			<key>isa</key>
			<string>PBXFileReference</string>
			<key>lastKnownFileType</key>
			<string>image.png</string>
			<key>path</key>
			<string>space1.png</string>
			<key>sourceTree</key>
			<string>&lt;group&gt;</string>
		</dict>
		<key>270CB0C019BAC93700F051B3</key>
		<dict>
			<key>isa</key>
			<string>PBXFileReference</string>
			<key>lastKnownFileType</key>
			<string>image.png</string>
			<key>path</key>
			<string>space2.png</string>
			<key>sourceTree</key>
			<string>&lt;group&gt;</string>
		</dict>
		<key>270CB0C119BAC93700F051B3</key>
		<dict>
			<key>isa</key>
			<string>PBXFileReference</string>
			<key>lastKnownFileType</key>
			<string>image.png</string>
			<key>path</key>
			<string>space3.png</string>
			<key>sourceTree</key>
			<string>&lt;group&gt;</string>
		</dict>
		<key>270CB0C219BAC93700F051B3</key>
		<dict>
			<key>isa</key>
			<string>PBXFileReference</string>
			<key>lastKnownFileType</key>
			<string>image.png</string>
			<key>path</key>
			<string>space4.png</string>
			<key>sourceTree</key>
			<string>&lt;group&gt;</string>
		</dict>
		<key>270CB0C319BAC93700F051B3</key>
		<dict>
			<key>fileRef</key>
			<string>270CB0BF19BAC93700F051B3</string>
			<key>isa</key>
			<string>PBXBuildFile</string>
		</dict>
		<key>270CB0C419BAC93700F051B3</key>
		<dict>
			<key>fileRef</key>
			<string>270CB0C019BAC93700F051B3</string>
			<key>isa</key>
			<string>PBXBuildFile</string>
		</dict>
		<key>270CB0C519BAC93700F051B3</key>
		<dict>
			<key>fileRef</key>
			<string>270CB0C119BAC93700F051B3</string>
			<key>isa</key>
			<string>PBXBuildFile</string>
		</dict>
		<key>270CB0C619BAC93700F051B3</key>
		<dict>
			<key>fileRef</key>
			<string>270CB0C219BAC93700F051B3</string>
			<key>isa</key>
			<string>PBXBuildFile</string>
		</dict>
		<key>273D50A219A1A34F00E38DB2</key>
		<dict>
			<key>children</key>
			<array>
				<string>273D50B419A1A34F00E38DB2</string>
				<string>275280F219A45909007FBD47</string>
			</array>
			<key>isa</key>
			<string>PBXGroup</string>
			<key>sourceTree</key>
			<string>&lt;group&gt;</string>
		</dict>
		<key>273D50A319A1A34F00E38DB2</key>
		<dict>
			<key>attributes</key>
			<dict>
				<key>LastUpgradeCheck</key>
				<string>0600</string>
				<key>ORGANIZATIONNAME</key>
				<string>Mike Amaral</string>
				<key>TargetAttributes</key>
				<dict>
					<key>273D50C519A1A34F00E38DB2</key>
					<dict>
						<key>TestTargetID</key>
						<string>273D50AA19A1A34F00E38DB2</string>
					</dict>
				</dict>
			</dict>
			<key>buildConfigurationList</key>
			<string>273D50A619A1A34F00E38DB2</string>
			<key>compatibilityVersion</key>
			<string>Xcode 3.2</string>
			<key>developmentRegion</key>
			<string>English</string>
			<key>hasScannedForEncodings</key>
			<string>0</string>
			<key>isa</key>
			<string>PBXProject</string>
			<key>knownRegions</key>
			<array>
				<string>en</string>
			</array>
			<key>mainGroup</key>
			<string>273D50A219A1A34F00E38DB2</string>
			<key>productRefGroup</key>
			<string>273D50AC19A1A34F00E38DB2</string>
			<key>projectDirPath</key>
			<string></string>
			<key>projectReferences</key>
			<array/>
			<key>projectRoot</key>
			<string></string>
			<key>targets</key>
			<array>
				<string>273D50AA19A1A34F00E38DB2</string>
				<string>273D50C519A1A34F00E38DB2</string>
			</array>
		</dict>
		<key>273D50A619A1A34F00E38DB2</key>
		<dict>
			<key>buildConfigurations</key>
			<array>
				<string>273D50D519A1A34F00E38DB2</string>
				<string>273D50D619A1A34F00E38DB2</string>
			</array>
			<key>defaultConfigurationIsVisible</key>
			<string>0</string>
			<key>defaultConfigurationName</key>
			<string>Release</string>
			<key>isa</key>
			<string>XCConfigurationList</string>
		</dict>
		<key>273D50A719A1A34F00E38DB2</key>
		<dict>
			<key>buildActionMask</key>
			<string>2147483647</string>
			<key>files</key>
			<array>
				<string>273D50DF19A1A49C00E38DB2</string>
				<string>274E5B191A8C558D009765AB</string>
				<string>273D50BF19A1A34F00E38DB2</string>
				<string>273D50BB19A1A34F00E38DB2</string>
				<string>273D50E219A1A4BF00E38DB2</string>
			</array>
			<key>isa</key>
			<string>PBXSourcesBuildPhase</string>
			<key>runOnlyForDeploymentPostprocessing</key>
			<string>0</string>
		</dict>
		<key>273D50A819A1A34F00E38DB2</key>
		<dict>
			<key>buildActionMask</key>
			<string>2147483647</string>
			<key>files</key>
			<array>
				<string>273D50B119A1A34F00E38DB2</string>
				<string>273D50B319A1A34F00E38DB2</string>
				<string>273D50AF19A1A34F00E38DB2</string>
			</array>
			<key>isa</key>
			<string>PBXFrameworksBuildPhase</string>
			<key>runOnlyForDeploymentPostprocessing</key>
			<string>0</string>
		</dict>
		<key>273D50A919A1A34F00E38DB2</key>
		<dict>
			<key>buildActionMask</key>
			<string>2147483647</string>
			<key>files</key>
			<array>
				<string>27B4BCEB19BB5D9B0066EC81</string>
				<string>27B4BCE919BB5D9B0066EC81</string>
				<string>27B4BCE819BB5D9B0066EC81</string>
				<string>270CB0C519BAC93700F051B3</string>
				<string>27B4BCED19BB5F6E0066EC81</string>
				<string>27B4BCF119BB657F0066EC81</string>
				<string>27535AD219BBD1F00017811B</string>
				<string>27009D051A05A24800CFA5B5</string>
				<string>273D50B919A1A34F00E38DB2</string>
				<string>27B4BCEA19BB5D9B0066EC81</string>
				<string>2789AD7019A2DE53002117FE</string>
				<string>27009CFF1A05991300CFA5B5</string>
				<string>270CB0C319BAC93700F051B3</string>
				<string>27009D011A059F6B00CFA5B5</string>
				<string>273D50C119A1A34F00E38DB2</string>
				<string>27535AD019BBCA070017811B</string>
				<string>270CB0C619BAC93700F051B3</string>
				<string>27B4BCE719BB5D9B0066EC81</string>
				<string>2789AD6219A2D95E002117FE</string>
				<string>27B4BCEF19BB60660066EC81</string>
				<string>270CB0B619BAC2CE00F051B3</string>
				<string>270CB0C419BAC93700F051B3</string>
				<string>27009D031A05A09E00CFA5B5</string>
				<string>2789AD6F19A2DE53002117FE</string>
				<string>2789AD6E19A2DE53002117FE</string>
			</array>
			<key>isa</key>
			<string>PBXResourcesBuildPhase</string>
			<key>runOnlyForDeploymentPostprocessing</key>
			<string>0</string>
		</dict>
		<key>273D50AA19A1A34F00E38DB2</key>
		<dict>
			<key>buildConfigurationList</key>
			<string>273D50D719A1A34F00E38DB2</string>
			<key>buildPhases</key>
			<array>
				<string>273D50A719A1A34F00E38DB2</string>
				<string>273D50A819A1A34F00E38DB2</string>
				<string>273D50A919A1A34F00E38DB2</string>
			</array>
			<key>buildRules</key>
			<array/>
			<key>dependencies</key>
			<array/>
			<key>isa</key>
			<string>PBXNativeTarget</string>
			<key>name</key>
			<string>Onboard</string>
			<key>productName</key>
			<string>Onboard</string>
			<key>productReference</key>
			<string>273D50AB19A1A34F00E38DB2</string>
			<key>productType</key>
			<string>com.apple.product-type.application</string>
		</dict>
		<key>273D50AB19A1A34F00E38DB2</key>
		<dict>
			<key>explicitFileType</key>
			<string>wrapper.application</string>
			<key>includeInIndex</key>
			<string>0</string>
			<key>isa</key>
			<string>PBXFileReference</string>
			<key>path</key>
			<string>Onboard.app</string>
			<key>sourceTree</key>
			<string>BUILT_PRODUCTS_DIR</string>
		</dict>
		<key>273D50AC19A1A34F00E38DB2</key>
		<dict>
			<key>children</key>
			<array>
				<string>273D50AB19A1A34F00E38DB2</string>
				<string>273D50C619A1A34F00E38DB2</string>
			</array>
			<key>isa</key>
			<string>PBXGroup</string>
			<key>name</key>
			<string>Products</string>
			<key>path</key>
			<string>Products</string>
			<key>sourceTree</key>
			<string>&lt;group&gt;</string>
		</dict>
		<key>273D50AD19A1A34F00E38DB2</key>
		<dict>
			<key>children</key>
			<array>
				<string>273D50AE19A1A34F00E38DB2</string>
				<string>273D50B019A1A34F00E38DB2</string>
				<string>273D50B219A1A34F00E38DB2</string>
				<string>273D50C719A1A34F00E38DB2</string>
			</array>
			<key>isa</key>
			<string>PBXGroup</string>
			<key>name</key>
			<string>Frameworks</string>
			<key>path</key>
			<string>Frameworks</string>
			<key>sourceTree</key>
			<string>&lt;group&gt;</string>
		</dict>
		<key>273D50AE19A1A34F00E38DB2</key>
		<dict>
			<key>isa</key>
			<string>PBXFileReference</string>
			<key>lastKnownFileType</key>
			<string>wrapper.framework</string>
			<key>name</key>
			<string>Foundation.framework</string>
			<key>path</key>
			<string>System/Library/Frameworks/Foundation.framework</string>
			<key>sourceTree</key>
			<string>SDKROOT</string>
		</dict>
		<key>273D50AF19A1A34F00E38DB2</key>
		<dict>
			<key>fileRef</key>
			<string>273D50AE19A1A34F00E38DB2</string>
			<key>isa</key>
			<string>PBXBuildFile</string>
		</dict>
		<key>273D50B019A1A34F00E38DB2</key>
		<dict>
			<key>isa</key>
			<string>PBXFileReference</string>
			<key>lastKnownFileType</key>
			<string>wrapper.framework</string>
			<key>name</key>
			<string>CoreGraphics.framework</string>
			<key>path</key>
			<string>System/Library/Frameworks/CoreGraphics.framework</string>
			<key>sourceTree</key>
			<string>SDKROOT</string>
		</dict>
		<key>273D50B119A1A34F00E38DB2</key>
		<dict>
			<key>fileRef</key>
			<string>273D50B019A1A34F00E38DB2</string>
			<key>isa</key>
			<string>PBXBuildFile</string>
		</dict>
		<key>273D50B219A1A34F00E38DB2</key>
		<dict>
			<key>isa</key>
			<string>PBXFileReference</string>
			<key>lastKnownFileType</key>
			<string>wrapper.framework</string>
			<key>name</key>
			<string>UIKit.framework</string>
			<key>path</key>
			<string>System/Library/Frameworks/UIKit.framework</string>
			<key>sourceTree</key>
			<string>SDKROOT</string>
		</dict>
		<key>273D50B319A1A34F00E38DB2</key>
		<dict>
			<key>fileRef</key>
			<string>273D50B219A1A34F00E38DB2</string>
			<key>isa</key>
			<string>PBXBuildFile</string>
		</dict>
		<key>273D50B419A1A34F00E38DB2</key>
		<dict>
			<key>children</key>
			<array>
				<string>273D50DD19A1A49C00E38DB2</string>
				<string>273D50DE19A1A49C00E38DB2</string>
				<string>273D50E019A1A4BF00E38DB2</string>
				<string>273D50E119A1A4BF00E38DB2</string>
			</array>
			<key>isa</key>
			<string>PBXGroup</string>
			<key>name</key>
			<string>Source</string>
			<key>path</key>
			<string>Source</string>
			<key>sourceTree</key>
			<string>&lt;group&gt;</string>
		</dict>
		<key>273D50B519A1A34F00E38DB2</key>
		<dict>
			<key>children</key>
			<array>
				<string>273D50B619A1A34F00E38DB2</string>
				<string>273D50B719A1A34F00E38DB2</string>
				<string>273D50BA19A1A34F00E38DB2</string>
				<string>273D50BC19A1A34F00E38DB2</string>
			</array>
			<key>isa</key>
			<string>PBXGroup</string>
			<key>name</key>
			<string>Supporting Files</string>
			<key>path</key>
			<string>Supporting Files</string>
			<key>sourceTree</key>
			<string>&lt;group&gt;</string>
		</dict>
		<key>273D50B619A1A34F00E38DB2</key>
		<dict>
			<key>isa</key>
			<string>PBXFileReference</string>
			<key>lastKnownFileType</key>
			<string>text.plist.xml</string>
			<key>path</key>
			<string>Onboard-Info.plist</string>
			<key>sourceTree</key>
			<string>&lt;group&gt;</string>
		</dict>
		<key>273D50B719A1A34F00E38DB2</key>
		<dict>
			<key>children</key>
			<array>
				<string>273D50B819A1A34F00E38DB2</string>
			</array>
			<key>isa</key>
			<string>PBXVariantGroup</string>
			<key>name</key>
			<string>InfoPlist.strings</string>
			<key>path</key>
			<string>.</string>
			<key>sourceTree</key>
			<string>&lt;group&gt;</string>
		</dict>
		<key>273D50B819A1A34F00E38DB2</key>
		<dict>
			<key>isa</key>
			<string>PBXFileReference</string>
			<key>lastKnownFileType</key>
			<string>text.plist.strings</string>
			<key>name</key>
			<string>en</string>
			<key>path</key>
			<string>en.lproj/InfoPlist.strings</string>
			<key>sourceTree</key>
			<string>&lt;group&gt;</string>
		</dict>
		<key>273D50B919A1A34F00E38DB2</key>
		<dict>
			<key>fileRef</key>
			<string>273D50B719A1A34F00E38DB2</string>
			<key>isa</key>
			<string>PBXBuildFile</string>
		</dict>
		<key>273D50BA19A1A34F00E38DB2</key>
		<dict>
			<key>isa</key>
			<string>PBXFileReference</string>
			<key>lastKnownFileType</key>
			<string>sourcecode.c.objc</string>
			<key>path</key>
			<string>main.m</string>
			<key>sourceTree</key>
			<string>&lt;group&gt;</string>
		</dict>
		<key>273D50BB19A1A34F00E38DB2</key>
		<dict>
			<key>fileRef</key>
			<string>273D50BA19A1A34F00E38DB2</string>
			<key>isa</key>
			<string>PBXBuildFile</string>
		</dict>
		<key>273D50BC19A1A34F00E38DB2</key>
		<dict>
			<key>isa</key>
			<string>PBXFileReference</string>
			<key>lastKnownFileType</key>
			<string>sourcecode.c.h</string>
			<key>path</key>
			<string>Onboard-Prefix.pch</string>
			<key>sourceTree</key>
			<string>&lt;group&gt;</string>
		</dict>
		<key>273D50BD19A1A34F00E38DB2</key>
		<dict>
			<key>isa</key>
			<string>PBXFileReference</string>
			<key>lastKnownFileType</key>
			<string>sourcecode.c.h</string>
			<key>path</key>
			<string>AppDelegate.h</string>
			<key>sourceTree</key>
			<string>&lt;group&gt;</string>
		</dict>
		<key>273D50BE19A1A34F00E38DB2</key>
		<dict>
			<key>isa</key>
			<string>PBXFileReference</string>
			<key>lastKnownFileType</key>
			<string>sourcecode.c.objc</string>
			<key>path</key>
			<string>AppDelegate.m</string>
			<key>sourceTree</key>
			<string>&lt;group&gt;</string>
		</dict>
		<key>273D50BF19A1A34F00E38DB2</key>
		<dict>
			<key>fileRef</key>
			<string>273D50BE19A1A34F00E38DB2</string>
			<key>isa</key>
			<string>PBXBuildFile</string>
		</dict>
		<key>273D50C019A1A34F00E38DB2</key>
		<dict>
			<key>isa</key>
			<string>PBXFileReference</string>
			<key>lastKnownFileType</key>
			<string>folder.assetcatalog</string>
			<key>path</key>
			<string>Images.xcassets</string>
			<key>sourceTree</key>
			<string>&lt;group&gt;</string>
		</dict>
		<key>273D50C119A1A34F00E38DB2</key>
		<dict>
			<key>fileRef</key>
			<string>273D50C019A1A34F00E38DB2</string>
			<key>isa</key>
			<string>PBXBuildFile</string>
		</dict>
		<key>273D50C219A1A34F00E38DB2</key>
		<dict>
			<key>buildActionMask</key>
			<string>2147483647</string>
			<key>files</key>
			<array>
				<string>273D50D419A1A34F00E38DB2</string>
			</array>
			<key>isa</key>
			<string>PBXSourcesBuildPhase</string>
			<key>runOnlyForDeploymentPostprocessing</key>
			<string>0</string>
		</dict>
		<key>273D50C319A1A34F00E38DB2</key>
		<dict>
			<key>buildActionMask</key>
			<string>2147483647</string>
			<key>files</key>
			<array>
				<string>273D50C819A1A34F00E38DB2</string>
				<string>273D50CA19A1A34F00E38DB2</string>
				<string>273D50C919A1A34F00E38DB2</string>
			</array>
			<key>isa</key>
			<string>PBXFrameworksBuildPhase</string>
			<key>runOnlyForDeploymentPostprocessing</key>
			<string>0</string>
		</dict>
		<key>273D50C419A1A34F00E38DB2</key>
		<dict>
			<key>buildActionMask</key>
			<string>2147483647</string>
			<key>files</key>
			<array>
				<string>273D50D219A1A34F00E38DB2</string>
			</array>
			<key>isa</key>
			<string>PBXResourcesBuildPhase</string>
			<key>runOnlyForDeploymentPostprocessing</key>
			<string>0</string>
		</dict>
		<key>273D50C519A1A34F00E38DB2</key>
		<dict>
			<key>buildConfigurationList</key>
			<string>273D50DA19A1A34F00E38DB2</string>
			<key>buildPhases</key>
			<array>
				<string>273D50C219A1A34F00E38DB2</string>
				<string>273D50C319A1A34F00E38DB2</string>
				<string>273D50C419A1A34F00E38DB2</string>
			</array>
			<key>buildRules</key>
			<array/>
			<key>dependencies</key>
			<array>
				<string>273D50CC19A1A34F00E38DB2</string>
			</array>
			<key>isa</key>
			<string>PBXNativeTarget</string>
			<key>name</key>
			<string>OnboardTests</string>
			<key>productName</key>
			<string>OnboardTests</string>
			<key>productReference</key>
			<string>273D50C619A1A34F00E38DB2</string>
			<key>productType</key>
			<string>com.apple.product-type.bundle.unit-test</string>
		</dict>
		<key>273D50C619A1A34F00E38DB2</key>
		<dict>
			<key>explicitFileType</key>
			<string>wrapper.cfbundle</string>
			<key>includeInIndex</key>
			<string>0</string>
			<key>isa</key>
			<string>PBXFileReference</string>
			<key>path</key>
			<string>OnboardTests.xctest</string>
			<key>sourceTree</key>
			<string>BUILT_PRODUCTS_DIR</string>
		</dict>
		<key>273D50C719A1A34F00E38DB2</key>
		<dict>
			<key>isa</key>
			<string>PBXFileReference</string>
			<key>lastKnownFileType</key>
			<string>wrapper.framework</string>
			<key>name</key>
			<string>XCTest.framework</string>
			<key>path</key>
			<string>Library/Frameworks/XCTest.framework</string>
			<key>sourceTree</key>
			<string>DEVELOPER_DIR</string>
		</dict>
		<key>273D50C819A1A34F00E38DB2</key>
		<dict>
			<key>fileRef</key>
			<string>273D50C719A1A34F00E38DB2</string>
			<key>isa</key>
			<string>PBXBuildFile</string>
		</dict>
		<key>273D50C919A1A34F00E38DB2</key>
		<dict>
			<key>fileRef</key>
			<string>273D50AE19A1A34F00E38DB2</string>
			<key>isa</key>
			<string>PBXBuildFile</string>
		</dict>
		<key>273D50CA19A1A34F00E38DB2</key>
		<dict>
			<key>fileRef</key>
			<string>273D50B219A1A34F00E38DB2</string>
			<key>isa</key>
			<string>PBXBuildFile</string>
		</dict>
		<key>273D50CB19A1A34F00E38DB2</key>
		<dict>
			<key>containerPortal</key>
			<string>273D50A319A1A34F00E38DB2</string>
			<key>isa</key>
			<string>PBXContainerItemProxy</string>
			<key>proxyType</key>
			<string>1</string>
			<key>remoteGlobalIDString</key>
			<string>273D50AA19A1A34F00E38DB2</string>
			<key>remoteInfo</key>
			<string>Onboard</string>
		</dict>
		<key>273D50CC19A1A34F00E38DB2</key>
		<dict>
			<key>isa</key>
			<string>PBXTargetDependency</string>
			<key>target</key>
			<string>273D50AA19A1A34F00E38DB2</string>
			<key>targetProxy</key>
			<string>273D50CB19A1A34F00E38DB2</string>
		</dict>
		<key>273D50CD19A1A34F00E38DB2</key>
		<dict>
			<key>children</key>
			<array>
				<string>273D50D319A1A34F00E38DB2</string>
				<string>273D50CE19A1A34F00E38DB2</string>
			</array>
			<key>isa</key>
			<string>PBXGroup</string>
			<key>path</key>
			<string>OnboardTests</string>
			<key>sourceTree</key>
			<string>&lt;group&gt;</string>
		</dict>
		<key>273D50CE19A1A34F00E38DB2</key>
		<dict>
			<key>children</key>
			<array>
				<string>273D50CF19A1A34F00E38DB2</string>
				<string>273D50D019A1A34F00E38DB2</string>
			</array>
			<key>isa</key>
			<string>PBXGroup</string>
			<key>name</key>
			<string>Supporting Files</string>
			<key>path</key>
			<string>Supporting Files</string>
			<key>sourceTree</key>
			<string>&lt;group&gt;</string>
		</dict>
		<key>273D50CF19A1A34F00E38DB2</key>
		<dict>
			<key>isa</key>
			<string>PBXFileReference</string>
			<key>lastKnownFileType</key>
			<string>text.plist.xml</string>
			<key>path</key>
			<string>OnboardTests-Info.plist</string>
			<key>sourceTree</key>
			<string>&lt;group&gt;</string>
		</dict>
		<key>273D50D019A1A34F00E38DB2</key>
		<dict>
			<key>children</key>
			<array>
				<string>273D50D119A1A34F00E38DB2</string>
			</array>
			<key>isa</key>
			<string>PBXVariantGroup</string>
			<key>name</key>
			<string>InfoPlist.strings</string>
			<key>path</key>
			<string>.</string>
			<key>sourceTree</key>
			<string>&lt;group&gt;</string>
		</dict>
		<key>273D50D119A1A34F00E38DB2</key>
		<dict>
			<key>isa</key>
			<string>PBXFileReference</string>
			<key>lastKnownFileType</key>
			<string>text.plist.strings</string>
			<key>name</key>
			<string>en</string>
			<key>path</key>
			<string>en.lproj/InfoPlist.strings</string>
			<key>sourceTree</key>
			<string>&lt;group&gt;</string>
		</dict>
		<key>273D50D219A1A34F00E38DB2</key>
		<dict>
			<key>fileRef</key>
			<string>273D50D019A1A34F00E38DB2</string>
			<key>isa</key>
			<string>PBXBuildFile</string>
		</dict>
		<key>273D50D319A1A34F00E38DB2</key>
		<dict>
			<key>isa</key>
			<string>PBXFileReference</string>
			<key>lastKnownFileType</key>
			<string>sourcecode.c.objc</string>
			<key>path</key>
			<string>OnboardTests.m</string>
			<key>sourceTree</key>
			<string>&lt;group&gt;</string>
		</dict>
		<key>273D50D419A1A34F00E38DB2</key>
		<dict>
			<key>fileRef</key>
			<string>273D50D319A1A34F00E38DB2</string>
			<key>isa</key>
			<string>PBXBuildFile</string>
		</dict>
		<key>273D50D519A1A34F00E38DB2</key>
		<dict>
			<key>buildSettings</key>
			<dict>
				<key>ALWAYS_SEARCH_USER_PATHS</key>
				<string>NO</string>
				<key>CLANG_CXX_LANGUAGE_STANDARD</key>
				<string>gnu++0x</string>
				<key>CLANG_CXX_LIBRARY</key>
				<string>libc++</string>
				<key>CLANG_ENABLE_MODULES</key>
				<string>YES</string>
				<key>CLANG_ENABLE_OBJC_ARC</key>
				<string>YES</string>
				<key>CLANG_WARN_BOOL_CONVERSION</key>
				<string>YES</string>
				<key>CLANG_WARN_CONSTANT_CONVERSION</key>
				<string>YES</string>
				<key>CLANG_WARN_DIRECT_OBJC_ISA_USAGE</key>
				<string>YES_ERROR</string>
				<key>CLANG_WARN_EMPTY_BODY</key>
				<string>YES</string>
				<key>CLANG_WARN_ENUM_CONVERSION</key>
				<string>YES</string>
				<key>CLANG_WARN_INT_CONVERSION</key>
				<string>YES</string>
				<key>CLANG_WARN_OBJC_ROOT_CLASS</key>
				<string>YES_ERROR</string>
				<key>CLANG_WARN__DUPLICATE_METHOD_MATCH</key>
				<string>YES</string>
				<key>CODE_SIGN_IDENTITY[sdk=iphoneos*]</key>
				<string>iPhone Developer</string>
				<key>COPY_PHASE_STRIP</key>
				<string>NO</string>
				<key>GCC_C_LANGUAGE_STANDARD</key>
				<string>gnu99</string>
				<key>GCC_DYNAMIC_NO_PIC</key>
				<string>NO</string>
				<key>GCC_OPTIMIZATION_LEVEL</key>
				<string>0</string>
				<key>GCC_PREPROCESSOR_DEFINITIONS</key>
				<array>
					<string>DEBUG=1</string>
					<string>$(inherited)</string>
				</array>
				<key>GCC_SYMBOLS_PRIVATE_EXTERN</key>
				<string>NO</string>
				<key>GCC_WARN_64_TO_32_BIT_CONVERSION</key>
				<string>YES</string>
				<key>GCC_WARN_ABOUT_RETURN_TYPE</key>
				<string>YES_ERROR</string>
				<key>GCC_WARN_UNDECLARED_SELECTOR</key>
				<string>YES</string>
				<key>GCC_WARN_UNINITIALIZED_AUTOS</key>
				<string>YES</string>
				<key>GCC_WARN_UNUSED_FUNCTION</key>
				<string>YES</string>
				<key>GCC_WARN_UNUSED_VARIABLE</key>
				<string>YES</string>
				<key>IPHONEOS_DEPLOYMENT_TARGET</key>
				<string>7.0</string>
				<key>ONLY_ACTIVE_ARCH</key>
				<string>YES</string>
				<key>SDKROOT</key>
				<string>iphoneos</string>
				<key>TARGETED_DEVICE_FAMILY</key>
				<string>1,2</string>
			</dict>
			<key>isa</key>
			<string>XCBuildConfiguration</string>
			<key>name</key>
			<string>Debug</string>
		</dict>
		<key>273D50D619A1A34F00E38DB2</key>
		<dict>
			<key>buildSettings</key>
			<dict>
				<key>ALWAYS_SEARCH_USER_PATHS</key>
				<string>NO</string>
				<key>CLANG_CXX_LANGUAGE_STANDARD</key>
				<string>gnu++0x</string>
				<key>CLANG_CXX_LIBRARY</key>
				<string>libc++</string>
				<key>CLANG_ENABLE_MODULES</key>
				<string>YES</string>
				<key>CLANG_ENABLE_OBJC_ARC</key>
				<string>YES</string>
				<key>CLANG_WARN_BOOL_CONVERSION</key>
				<string>YES</string>
				<key>CLANG_WARN_CONSTANT_CONVERSION</key>
				<string>YES</string>
				<key>CLANG_WARN_DIRECT_OBJC_ISA_USAGE</key>
				<string>YES_ERROR</string>
				<key>CLANG_WARN_EMPTY_BODY</key>
				<string>YES</string>
				<key>CLANG_WARN_ENUM_CONVERSION</key>
				<string>YES</string>
				<key>CLANG_WARN_INT_CONVERSION</key>
				<string>YES</string>
				<key>CLANG_WARN_OBJC_ROOT_CLASS</key>
				<string>YES_ERROR</string>
				<key>CLANG_WARN__DUPLICATE_METHOD_MATCH</key>
				<string>YES</string>
				<key>CODE_SIGN_IDENTITY[sdk=iphoneos*]</key>
				<string>iPhone Developer</string>
				<key>COPY_PHASE_STRIP</key>
				<string>YES</string>
				<key>ENABLE_NS_ASSERTIONS</key>
				<string>NO</string>
				<key>GCC_C_LANGUAGE_STANDARD</key>
				<string>gnu99</string>
				<key>GCC_WARN_64_TO_32_BIT_CONVERSION</key>
				<string>YES</string>
				<key>GCC_WARN_ABOUT_RETURN_TYPE</key>
				<string>YES_ERROR</string>
				<key>GCC_WARN_UNDECLARED_SELECTOR</key>
				<string>YES</string>
				<key>GCC_WARN_UNINITIALIZED_AUTOS</key>
				<string>YES</string>
				<key>GCC_WARN_UNUSED_FUNCTION</key>
				<string>YES</string>
				<key>GCC_WARN_UNUSED_VARIABLE</key>
				<string>YES</string>
				<key>IPHONEOS_DEPLOYMENT_TARGET</key>
				<string>7.0</string>
				<key>SDKROOT</key>
				<string>iphoneos</string>
				<key>TARGETED_DEVICE_FAMILY</key>
				<string>1,2</string>
				<key>VALIDATE_PRODUCT</key>
				<string>YES</string>
			</dict>
			<key>isa</key>
			<string>XCBuildConfiguration</string>
			<key>name</key>
			<string>Release</string>
		</dict>
		<key>273D50D719A1A34F00E38DB2</key>
		<dict>
			<key>buildConfigurations</key>
			<array>
				<string>273D50D819A1A34F00E38DB2</string>
				<string>273D50D919A1A34F00E38DB2</string>
			</array>
			<key>defaultConfigurationIsVisible</key>
			<string>0</string>
			<key>defaultConfigurationName</key>
			<string>Release</string>
			<key>isa</key>
			<string>XCConfigurationList</string>
		</dict>
		<key>273D50D819A1A34F00E38DB2</key>
		<dict>
			<key>buildSettings</key>
			<dict>
				<key>ASSETCATALOG_COMPILER_APPICON_NAME</key>
				<string>AppIcon</string>
				<key>ASSETCATALOG_COMPILER_LAUNCHIMAGE_NAME</key>
				<string>LaunchImage</string>
				<key>GCC_PRECOMPILE_PREFIX_HEADER</key>
				<string>YES</string>
				<key>GCC_PREFIX_HEADER</key>
				<string>Demo Files/Supporting Files/Onboard-Prefix.pch</string>
				<key>INFOPLIST_FILE</key>
				<string>Demo Files/Supporting Files/Onboard-Info.plist</string>
				<key>PRODUCT_NAME</key>
				<string>$(TARGET_NAME)</string>
				<key>WRAPPER_EXTENSION</key>
				<string>app</string>
			</dict>
			<key>isa</key>
			<string>XCBuildConfiguration</string>
			<key>name</key>
			<string>Debug</string>
		</dict>
		<key>273D50D919A1A34F00E38DB2</key>
		<dict>
			<key>buildSettings</key>
			<dict>
				<key>ASSETCATALOG_COMPILER_APPICON_NAME</key>
				<string>AppIcon</string>
				<key>ASSETCATALOG_COMPILER_LAUNCHIMAGE_NAME</key>
				<string>LaunchImage</string>
				<key>GCC_PRECOMPILE_PREFIX_HEADER</key>
				<string>YES</string>
				<key>GCC_PREFIX_HEADER</key>
				<string>Demo Files/Supporting Files/Onboard-Prefix.pch</string>
				<key>INFOPLIST_FILE</key>
				<string>Demo Files/Supporting Files/Onboard-Info.plist</string>
				<key>PRODUCT_NAME</key>
				<string>$(TARGET_NAME)</string>
				<key>WRAPPER_EXTENSION</key>
				<string>app</string>
			</dict>
			<key>isa</key>
			<string>XCBuildConfiguration</string>
			<key>name</key>
			<string>Release</string>
		</dict>
		<key>273D50DA19A1A34F00E38DB2</key>
		<dict>
			<key>buildConfigurations</key>
			<array>
				<string>273D50DB19A1A34F00E38DB2</string>
				<string>273D50DC19A1A34F00E38DB2</string>
			</array>
			<key>defaultConfigurationIsVisible</key>
			<string>0</string>
			<key>defaultConfigurationName</key>
			<string>Release</string>
			<key>isa</key>
			<string>XCConfigurationList</string>
		</dict>
		<key>273D50DB19A1A34F00E38DB2</key>
		<dict>
			<key>buildSettings</key>
			<dict>
				<key>BUNDLE_LOADER</key>
				<string>$(BUILT_PRODUCTS_DIR)/Onboard.app/Onboard</string>
				<key>FRAMEWORK_SEARCH_PATHS</key>
				<array>
					<string>$(SDKROOT)/Developer/Library/Frameworks</string>
					<string>$(inherited)</string>
					<string>$(DEVELOPER_FRAMEWORKS_DIR)</string>
				</array>
				<key>GCC_PRECOMPILE_PREFIX_HEADER</key>
				<string>YES</string>
				<key>GCC_PREFIX_HEADER</key>
				<string>Demo Files/Supporting Files/Onboard-Prefix.pch</string>
				<key>GCC_PREPROCESSOR_DEFINITIONS</key>
				<array>
					<string>DEBUG=1</string>
					<string>$(inherited)</string>
				</array>
				<key>INFOPLIST_FILE</key>
				<string>Demo Files/OnboardTests/Supporting Files/OnboardTests-Info.plist</string>
				<key>PRODUCT_NAME</key>
				<string>$(TARGET_NAME)</string>
				<key>TEST_HOST</key>
				<string>$(BUNDLE_LOADER)</string>
				<key>WRAPPER_EXTENSION</key>
				<string>xctest</string>
			</dict>
			<key>isa</key>
			<string>XCBuildConfiguration</string>
			<key>name</key>
			<string>Debug</string>
		</dict>
		<key>273D50DC19A1A34F00E38DB2</key>
		<dict>
			<key>buildSettings</key>
			<dict>
				<key>BUNDLE_LOADER</key>
				<string>$(BUILT_PRODUCTS_DIR)/Onboard.app/Onboard</string>
				<key>FRAMEWORK_SEARCH_PATHS</key>
				<array>
					<string>$(SDKROOT)/Developer/Library/Frameworks</string>
					<string>$(inherited)</string>
					<string>$(DEVELOPER_FRAMEWORKS_DIR)</string>
				</array>
				<key>GCC_PRECOMPILE_PREFIX_HEADER</key>
				<string>YES</string>
				<key>GCC_PREFIX_HEADER</key>
				<string>Demo Files/Supporting Files/Onboard-Prefix.pch</string>
				<key>INFOPLIST_FILE</key>
				<string>Demo Files/OnboardTests/Supporting Files/OnboardTests-Info.plist</string>
				<key>PRODUCT_NAME</key>
				<string>$(TARGET_NAME)</string>
				<key>TEST_HOST</key>
				<string>$(BUNDLE_LOADER)</string>
				<key>WRAPPER_EXTENSION</key>
				<string>xctest</string>
			</dict>
			<key>isa</key>
			<string>XCBuildConfiguration</string>
			<key>name</key>
			<string>Release</string>
		</dict>
		<key>273D50DD19A1A49C00E38DB2</key>
		<dict>
			<key>fileEncoding</key>
			<string>4</string>
			<key>isa</key>
			<string>PBXFileReference</string>
			<key>lastKnownFileType</key>
			<string>sourcecode.c.h</string>
			<key>path</key>
			<string>OnboardingViewController.h</string>
			<key>sourceTree</key>
			<string>&lt;group&gt;</string>
		</dict>
		<key>273D50DE19A1A49C00E38DB2</key>
		<dict>
			<key>fileEncoding</key>
			<string>4</string>
			<key>isa</key>
			<string>PBXFileReference</string>
			<key>lastKnownFileType</key>
			<string>sourcecode.c.objc</string>
			<key>path</key>
			<string>OnboardingViewController.m</string>
			<key>sourceTree</key>
			<string>&lt;group&gt;</string>
		</dict>
		<key>273D50DF19A1A49C00E38DB2</key>
		<dict>
			<key>fileRef</key>
			<string>273D50DE19A1A49C00E38DB2</string>
			<key>isa</key>
			<string>PBXBuildFile</string>
		</dict>
		<key>273D50E019A1A4BF00E38DB2</key>
		<dict>
			<key>fileEncoding</key>
			<string>4</string>
			<key>isa</key>
			<string>PBXFileReference</string>
			<key>lastKnownFileType</key>
			<string>sourcecode.c.h</string>
			<key>path</key>
			<string>OnboardingContentViewController.h</string>
			<key>sourceTree</key>
			<string>&lt;group&gt;</string>
		</dict>
		<key>273D50E119A1A4BF00E38DB2</key>
		<dict>
			<key>fileEncoding</key>
			<string>4</string>
			<key>isa</key>
			<string>PBXFileReference</string>
			<key>lastKnownFileType</key>
			<string>sourcecode.c.objc</string>
			<key>path</key>
			<string>OnboardingContentViewController.m</string>
			<key>sourceTree</key>
			<string>&lt;group&gt;</string>
		</dict>
		<key>273D50E219A1A4BF00E38DB2</key>
		<dict>
			<key>fileRef</key>
			<string>273D50E119A1A4BF00E38DB2</string>
			<key>isa</key>
			<string>PBXBuildFile</string>
		</dict>
		<key>274E5B161A8C552B009765AB</key>
		<dict>
			<key>children</key>
			<array>
				<string>274E5B171A8C558D009765AB</string>
				<string>274E5B181A8C558D009765AB</string>
			</array>
			<key>isa</key>
			<string>PBXGroup</string>
			<key>name</key>
			<string>Externals</string>
			<key>path</key>
			<string>Externals</string>
			<key>sourceTree</key>
			<string>&lt;group&gt;</string>
		</dict>
		<key>274E5B171A8C558D009765AB</key>
		<dict>
			<key>fileEncoding</key>
			<string>4</string>
			<key>isa</key>
			<string>PBXFileReference</string>
			<key>lastKnownFileType</key>
			<string>sourcecode.c.h</string>
			<key>path</key>
			<string>MBProgressHUD.h</string>
			<key>sourceTree</key>
			<string>&lt;group&gt;</string>
		</dict>
		<key>274E5B181A8C558D009765AB</key>
		<dict>
			<key>fileEncoding</key>
			<string>4</string>
			<key>isa</key>
			<string>PBXFileReference</string>
			<key>lastKnownFileType</key>
			<string>sourcecode.c.objc</string>
			<key>path</key>
			<string>MBProgressHUD.m</string>
			<key>sourceTree</key>
			<string>&lt;group&gt;</string>
		</dict>
		<key>274E5B191A8C558D009765AB</key>
		<dict>
			<key>fileRef</key>
			<string>274E5B181A8C558D009765AB</string>
			<key>isa</key>
			<string>PBXBuildFile</string>
		</dict>
		<key>275280F219A45909007FBD47</key>
		<dict>
			<key>children</key>
			<array>
				<string>273D50BD19A1A34F00E38DB2</string>
				<string>273D50BE19A1A34F00E38DB2</string>
				<string>273D50C019A1A34F00E38DB2</string>
				<string>274E5B161A8C552B009765AB</string>
				<string>273D50B519A1A34F00E38DB2</string>
				<string>273D50CD19A1A34F00E38DB2</string>
				<string>273D50AD19A1A34F00E38DB2</string>
				<string>273D50AC19A1A34F00E38DB2</string>
				<string>270CB0B419BABF8C00F051B3</string>
			</array>
			<key>isa</key>
			<string>PBXGroup</string>
			<key>name</key>
			<string>Demo Files</string>
			<key>path</key>
			<string>Demo Files</string>
			<key>sourceTree</key>
			<string>&lt;group&gt;</string>
		</dict>
		<key>27535ACF19BBCA070017811B</key>
		<dict>
			<key>isa</key>
			<string>PBXFileReference</string>
			<key>lastKnownFileType</key>
			<string>image.png</string>
			<key>path</key>
			<string>tree.png</string>
			<key>sourceTree</key>
			<string>&lt;group&gt;</string>
		</dict>
		<key>27535AD019BBCA070017811B</key>
		<dict>
			<key>fileRef</key>
			<string>27535ACF19BBCA070017811B</string>
			<key>isa</key>
			<string>PBXBuildFile</string>
		</dict>
		<key>27535AD119BBD1F00017811B</key>
		<dict>
			<key>isa</key>
			<string>PBXFileReference</string>
			<key>lastKnownFileType</key>
			<string>image.png</string>
			<key>path</key>
			<string>yellowbg.png</string>
			<key>sourceTree</key>
			<string>&lt;group&gt;</string>
		</dict>
		<key>27535AD219BBD1F00017811B</key>
		<dict>
			<key>fileRef</key>
			<string>27535AD119BBD1F00017811B</string>
			<key>isa</key>
			<string>PBXBuildFile</string>
		</dict>
		<key>2789AD6119A2D95E002117FE</key>
		<dict>
			<key>isa</key>
			<string>PBXFileReference</string>
			<key>lastKnownFileType</key>
			<string>image.png</string>
			<key>path</key>
			<string>street.png</string>
			<key>sourceTree</key>
			<string>&lt;group&gt;</string>
		</dict>
		<key>2789AD6219A2D95E002117FE</key>
		<dict>
			<key>fileRef</key>
			<string>2789AD6119A2D95E002117FE</string>
			<key>isa</key>
			<string>PBXBuildFile</string>
		</dict>
		<key>2789AD6B19A2DE53002117FE</key>
		<dict>
			<key>isa</key>
			<string>PBXFileReference</string>
			<key>lastKnownFileType</key>
			<string>image.png</string>
			<key>path</key>
			<string>blue.png</string>
			<key>sourceTree</key>
			<string>&lt;group&gt;</string>
		</dict>
		<key>2789AD6C19A2DE53002117FE</key>
		<dict>
			<key>isa</key>
			<string>PBXFileReference</string>
			<key>lastKnownFileType</key>
			<string>image.png</string>
			<key>path</key>
			<string>red.png</string>
			<key>sourceTree</key>
			<string>&lt;group&gt;</string>
		</dict>
		<key>2789AD6D19A2DE53002117FE</key>
		<dict>
			<key>isa</key>
			<string>PBXFileReference</string>
			<key>lastKnownFileType</key>
			<string>image.png</string>
			<key>path</key>
			<string>yellow.png</string>
			<key>sourceTree</key>
			<string>&lt;group&gt;</string>
		</dict>
		<key>2789AD6E19A2DE53002117FE</key>
		<dict>
			<key>fileRef</key>
			<string>2789AD6B19A2DE53002117FE</string>
			<key>isa</key>
			<string>PBXBuildFile</string>
		</dict>
		<key>2789AD6F19A2DE53002117FE</key>
		<dict>
			<key>fileRef</key>
			<string>2789AD6C19A2DE53002117FE</string>
			<key>isa</key>
			<string>PBXBuildFile</string>
		</dict>
		<key>2789AD7019A2DE53002117FE</key>
		<dict>
			<key>fileRef</key>
			<string>2789AD6D19A2DE53002117FE</string>
			<key>isa</key>
			<string>PBXBuildFile</string>
		</dict>
		<key>27B4BCE119BB5D9B0066EC81</key>
		<dict>
			<key>isa</key>
			<string>PBXFileReference</string>
			<key>lastKnownFileType</key>
			<string>image.png</string>
			<key>path</key>
			<string>cone.png</string>
			<key>sourceTree</key>
			<string>&lt;group&gt;</string>
		</dict>
		<key>27B4BCE219BB5D9B0066EC81</key>
		<dict>
			<key>isa</key>
			<string>PBXFileReference</string>
			<key>lastKnownFileType</key>
			<string>image.png</string>
			<key>path</key>
			<string>headphones.png</string>
			<key>sourceTree</key>
			<string>&lt;group&gt;</string>
		</dict>
		<key>27B4BCE319BB5D9B0066EC81</key>
		<dict>
			<key>isa</key>
			<string>PBXFileReference</string>
			<key>lastKnownFileType</key>
			<string>image.png</string>
			<key>path</key>
			<string>layers.png</string>
			<key>sourceTree</key>
			<string>&lt;group&gt;</string>
		</dict>
		<key>27B4BCE419BB5D9B0066EC81</key>
		<dict>
			<key>isa</key>
			<string>PBXFileReference</string>
			<key>lastKnownFileType</key>
			<string>image.png</string>
			<key>path</key>
			<string>shark.png</string>
			<key>sourceTree</key>
			<string>&lt;group&gt;</string>
		</dict>
		<key>27B4BCE519BB5D9B0066EC81</key>
		<dict>
			<key>isa</key>
			<string>PBXFileReference</string>
			<key>lastKnownFileType</key>
			<string>image.png</string>
			<key>path</key>
			<string>testtube.png</string>
			<key>sourceTree</key>
			<string>&lt;group&gt;</string>
		</dict>
		<key>27B4BCE719BB5D9B0066EC81</key>
		<dict>
			<key>fileRef</key>
			<string>27B4BCE119BB5D9B0066EC81</string>
			<key>isa</key>
			<string>PBXBuildFile</string>
		</dict>
		<key>27B4BCE819BB5D9B0066EC81</key>
		<dict>
			<key>fileRef</key>
			<string>27B4BCE219BB5D9B0066EC81</string>
			<key>isa</key>
			<string>PBXBuildFile</string>
		</dict>
		<key>27B4BCE919BB5D9B0066EC81</key>
		<dict>
			<key>fileRef</key>
			<string>27B4BCE319BB5D9B0066EC81</string>
			<key>isa</key>
			<string>PBXBuildFile</string>
		</dict>
		<key>27B4BCEA19BB5D9B0066EC81</key>
		<dict>
			<key>fileRef</key>
			<string>27B4BCE419BB5D9B0066EC81</string>
			<key>isa</key>
			<string>PBXBuildFile</string>
		</dict>
		<key>27B4BCEB19BB5D9B0066EC81</key>
		<dict>
			<key>fileRef</key>
			<string>27B4BCE519BB5D9B0066EC81</string>
			<key>isa</key>
			<string>PBXBuildFile</string>
		</dict>
		<key>27B4BCEC19BB5F6E0066EC81</key>
		<dict>
			<key>isa</key>
			<string>PBXFileReference</string>
			<key>lastKnownFileType</key>
			<string>image.png</string>
			<key>path</key>
			<string>purple.png</string>
			<key>sourceTree</key>
			<string>&lt;group&gt;</string>
		</dict>
		<key>27B4BCED19BB5F6E0066EC81</key>
		<dict>
			<key>fileRef</key>
			<string>27B4BCEC19BB5F6E0066EC81</string>
			<key>isa</key>
			<string>PBXBuildFile</string>
		</dict>
		<key>27B4BCEE19BB60660066EC81</key>
		<dict>
			<key>isa</key>
			<string>PBXFileReference</string>
			<key>lastKnownFileType</key>
			<string>image.png</string>
			<key>path</key>
			<string>coffee.png</string>
			<key>sourceTree</key>
			<string>&lt;group&gt;</string>
		</dict>
		<key>27B4BCEF19BB60660066EC81</key>
		<dict>
			<key>fileRef</key>
			<string>27B4BCEE19BB60660066EC81</string>
			<key>isa</key>
			<string>PBXBuildFile</string>
		</dict>
		<key>27B4BCF019BB657F0066EC81</key>
		<dict>
			<key>isa</key>
			<string>PBXFileReference</string>
			<key>lastKnownFileType</key>
			<string>image.png</string>
			<key>path</key>
			<string>charcoal.png</string>
			<key>sourceTree</key>
			<string>&lt;group&gt;</string>
		</dict>
		<key>27B4BCF119BB657F0066EC81</key>
		<dict>
			<key>fileRef</key>
			<string>27B4BCF019BB657F0066EC81</string>
			<key>isa</key>
			<string>PBXBuildFile</string>
		</dict>
	</dict>
	<key>rootObject</key>
	<string>273D50A319A1A34F00E38DB2</string>
</dict>
</plist>
